// !$*UTF8*$!
{
	archiveVersion = 1;
	classes = {
	};
	objectVersion = 50;
	objects = {

/* Begin PBXBuildFile section */
		351A83222394A68700BA7A13 /* Transport.mm in Sources */ = {isa = PBXBuildFile; fileRef = 351A83212394A68700BA7A13 /* Transport.mm */; };
		351A83232394AD5C00BA7A13 /* Transport.h in Headers */ = {isa = PBXBuildFile; fileRef = 351A83202394A4BA00BA7A13 /* Transport.h */; settings = {ATTRIBUTES = (Public, ); }; };
		351A83242394AD5F00BA7A13 /* Mediasoupclient.h in Headers */ = {isa = PBXBuildFile; fileRef = 35EEA28023911D3B00134D1C /* Mediasoupclient.h */; settings = {ATTRIBUTES = (Public, ); }; };
		351A83282394AF7C00BA7A13 /* MediasoupclientWrapper.h in Headers */ = {isa = PBXBuildFile; fileRef = 35EEA27A23911C0200134D1C /* MediasoupclientWrapper.h */; settings = {ATTRIBUTES = (Public, ); }; };
		351A832E2394B7A900BA7A13 /* Consumer.h in Headers */ = {isa = PBXBuildFile; fileRef = 351A832C2394B08E00BA7A13 /* Consumer.h */; settings = {ATTRIBUTES = (Public, ); }; };
		351A832F2394B7AB00BA7A13 /* Producer.h in Headers */ = {isa = PBXBuildFile; fileRef = 351A832D2394B09600BA7A13 /* Producer.h */; settings = {ATTRIBUTES = (Public, ); }; };
		351A83312394B7F400BA7A13 /* Consumer.mm in Sources */ = {isa = PBXBuildFile; fileRef = 351A83302394B7F400BA7A13 /* Consumer.mm */; };
		351A83382394C11C00BA7A13 /* Producer.mm in Sources */ = {isa = PBXBuildFile; fileRef = 351A83372394C11C00BA7A13 /* Producer.mm */; };
		351A833B2394DC7700BA7A13 /* SendTransport.h in Headers */ = {isa = PBXBuildFile; fileRef = 351A83392394DC6A00BA7A13 /* SendTransport.h */; settings = {ATTRIBUTES = (Public, ); }; };
		351A833C2394DC7900BA7A13 /* RecvTransport.h in Headers */ = {isa = PBXBuildFile; fileRef = 351A833A2394DC7300BA7A13 /* RecvTransport.h */; settings = {ATTRIBUTES = (Public, ); }; };
		351A833E2394DE2B00BA7A13 /* RecvTransport.mm in Sources */ = {isa = PBXBuildFile; fileRef = 351A833D2394DE2B00BA7A13 /* RecvTransport.mm */; };
		351A83402394DE3A00BA7A13 /* SendTransport.mm in Sources */ = {isa = PBXBuildFile; fileRef = 351A833F2394DE3A00BA7A13 /* SendTransport.mm */; };
		351A83432394E0AF00BA7A13 /* MediasoupclientTests.m in Sources */ = {isa = PBXBuildFile; fileRef = 351A83412394E06800BA7A13 /* MediasoupclientTests.m */; };
		35256BEF239A07B000E27BB3 /* ConsumerTests.m in Sources */ = {isa = PBXBuildFile; fileRef = 35256BEE239A07B000E27BB3 /* ConsumerTests.m */; };
		35256BF1239A4A7800E27BB3 /* AudioToolbox.framework in Frameworks */ = {isa = PBXBuildFile; fileRef = 355C613C2387D97100986297 /* AudioToolbox.framework */; };
		35256BF6239A4AA600E27BB3 /* CoreMedia.framework in Frameworks */ = {isa = PBXBuildFile; fileRef = 35256BF2239A4A9B00E27BB3 /* CoreMedia.framework */; };
		35256BF7239A4AA600E27BB3 /* CoreMedia.framework in Embed Frameworks */ = {isa = PBXBuildFile; fileRef = 35256BF2239A4A9B00E27BB3 /* CoreMedia.framework */; settings = {ATTRIBUTES = (RemoveHeadersOnCopy, ); }; };
		35256BF8239A4AA800E27BB3 /* CoreVideo.framework in Frameworks */ = {isa = PBXBuildFile; fileRef = 35256BF4239A4AA100E27BB3 /* CoreVideo.framework */; };
		35256BF9239A4AA800E27BB3 /* CoreVideo.framework in Embed Frameworks */ = {isa = PBXBuildFile; fileRef = 35256BF4239A4AA100E27BB3 /* CoreVideo.framework */; settings = {ATTRIBUTES = (RemoveHeadersOnCopy, ); }; };
		3538C5532397A8AA007EB078 /* Device.h in Headers */ = {isa = PBXBuildFile; fileRef = 35D7427D2390B71500C22679 /* Device.h */; settings = {ATTRIBUTES = (Public, ); }; };
		3538C5562397A9C5007EB078 /* Device.mm in Sources */ = {isa = PBXBuildFile; fileRef = 35D7427F2390B8AD00C22679 /* Device.mm */; };
		3538C55A2397AE5C007EB078 /* DeviceWrapper.mm in Sources */ = {isa = PBXBuildFile; fileRef = 353BD12D2387E6FE00A8734C /* DeviceWrapper.mm */; };
		353EA3D72395F0A5000D5353 /* SendTransportListenerImpl.m in Sources */ = {isa = PBXBuildFile; fileRef = 353EA3D52395F0A1000D5353 /* SendTransportListenerImpl.m */; };
		353EA3D82395F26C000D5353 /* Parameters.m in Sources */ = {isa = PBXBuildFile; fileRef = 35D742822390EAE300C22679 /* Parameters.m */; };
		353EA3DC23960A0F000D5353 /* Util.m in Sources */ = {isa = PBXBuildFile; fileRef = 353EA3DB23960A0F000D5353 /* Util.m */; };
		353EA3DF23960C01000D5353 /* RecvTransportListenerImpl.m in Sources */ = {isa = PBXBuildFile; fileRef = 353EA3DE23960C01000D5353 /* RecvTransportListenerImpl.m */; };
		353EA3E123960EBE000D5353 /* TransportTests.m in Sources */ = {isa = PBXBuildFile; fileRef = 353EA3E023960EBE000D5353 /* TransportTests.m */; };
		353EA3E323963B6A000D5353 /* ProducerTests.m in Sources */ = {isa = PBXBuildFile; fileRef = 353EA3E223963B6A000D5353 /* ProducerTests.m */; };
		355C612A2387702600986297 /* ConsumerWrapper.mm in Sources */ = {isa = PBXBuildFile; fileRef = 355C61292387702600986297 /* ConsumerWrapper.mm */; };
		355C613323877F2B00986297 /* ProducerWrapper.mm in Sources */ = {isa = PBXBuildFile; fileRef = 355C613223877F2B00986297 /* ProducerWrapper.mm */; };
		355C61372387995200986297 /* TransportWrapper.mm in Sources */ = {isa = PBXBuildFile; fileRef = 355C61362387995200986297 /* TransportWrapper.mm */; };
		3570311623977BFC00761AF5 /* LoggerWrapper.mm in Sources */ = {isa = PBXBuildFile; fileRef = 3570311523977BFC00761AF5 /* LoggerWrapper.mm */; };
		3570311823977DF800761AF5 /* Logger.mm in Sources */ = {isa = PBXBuildFile; fileRef = 3570311723977DF800761AF5 /* Logger.mm */; };
		3570311A23977E0F00761AF5 /* Logger.h in Headers */ = {isa = PBXBuildFile; fileRef = 3570311923977E0F00761AF5 /* Logger.h */; settings = {ATTRIBUTES = (Public, ); }; };
		3570311C2397802C00761AF5 /* LoggerWrapper.h in Headers */ = {isa = PBXBuildFile; fileRef = 3570311B2397802C00761AF5 /* LoggerWrapper.h */; settings = {ATTRIBUTES = (Public, ); }; };
		35C66C47238E7F21003C2E1E /* libwebrtc.a in Frameworks */ = {isa = PBXBuildFile; fileRef = 35C66C46238E7F21003C2E1E /* libwebrtc.a */; };
		35D1722B238CFB4B00FAF301 /* UIKit.framework in Frameworks */ = {isa = PBXBuildFile; fileRef = 353BD1292387E23500A8734C /* UIKit.framework */; };
		35D1722C238CFB4B00FAF301 /* UIKit.framework in Embed Frameworks */ = {isa = PBXBuildFile; fileRef = 353BD1292387E23500A8734C /* UIKit.framework */; settings = {ATTRIBUTES = (RemoveHeadersOnCopy, ); }; };
		35D1722D238CFB5000FAF301 /* CoreAudio.framework in Frameworks */ = {isa = PBXBuildFile; fileRef = 355C61382387D96300986297 /* CoreAudio.framework */; };
		35D1722E238CFB5000FAF301 /* CoreAudio.framework in Embed Frameworks */ = {isa = PBXBuildFile; fileRef = 355C61382387D96300986297 /* CoreAudio.framework */; settings = {ATTRIBUTES = (RemoveHeadersOnCopy, ); }; };
		35D1722F238CFB5100FAF301 /* AVFoundation.framework in Frameworks */ = {isa = PBXBuildFile; fileRef = 355C61442387DA7B00986297 /* AVFoundation.framework */; };
		35D17230238CFB5100FAF301 /* AVFoundation.framework in Embed Frameworks */ = {isa = PBXBuildFile; fileRef = 355C61442387DA7B00986297 /* AVFoundation.framework */; settings = {ATTRIBUTES = (RemoveHeadersOnCopy, ); }; };
		35D17231238CFB5300FAF301 /* AudioToolbox.framework in Frameworks */ = {isa = PBXBuildFile; fileRef = 355C613C2387D97100986297 /* AudioToolbox.framework */; };
		35D17232238CFB5300FAF301 /* AudioToolbox.framework in Embed Frameworks */ = {isa = PBXBuildFile; fileRef = 355C613C2387D97100986297 /* AudioToolbox.framework */; settings = {ATTRIBUTES = (RemoveHeadersOnCopy, ); }; };
		35D17234238CFBFD00FAF301 /* DeviceTests.m in Sources */ = {isa = PBXBuildFile; fileRef = 35D17233238CFBFD00FAF301 /* DeviceTests.m */; };
		35D762DD238CBA2C0033D7AD /* ConsumerWrapper.h in Headers */ = {isa = PBXBuildFile; fileRef = 35FB248B238BA8920092EBCB /* ConsumerWrapper.h */; settings = {ATTRIBUTES = (Public, ); }; };
		35D762DE238CBA2E0033D7AD /* DeviceWrapper.h in Headers */ = {isa = PBXBuildFile; fileRef = 35FB248C238BA8C00092EBCB /* DeviceWrapper.h */; settings = {ATTRIBUTES = (Public, ); }; };
		35D884F12397984800BA6764 /* mediasoup_client_ios.framework in Frameworks */ = {isa = PBXBuildFile; fileRef = 35E2E47C2385284800E315FD /* mediasoup_client_ios.framework */; };
		35D884F82397A07000BA6764 /* libmediasoupclient.a in Frameworks */ = {isa = PBXBuildFile; fileRef = 35D884F72397A07000BA6764 /* libmediasoupclient.a */; };
		35D884FA2397A08000BA6764 /* libsdptransform.a in Frameworks */ = {isa = PBXBuildFile; fileRef = 35D884F92397A08000BA6764 /* libsdptransform.a */; };
		35EEA27923911B5D00134D1C /* MediasoupclientWrapper.mm in Sources */ = {isa = PBXBuildFile; fileRef = 35EEA27823911B5D00134D1C /* MediasoupclientWrapper.mm */; };
		35EEA27E23911CB000134D1C /* Mediasoupclient.mm in Sources */ = {isa = PBXBuildFile; fileRef = 35EEA27D23911CB000134D1C /* Mediasoupclient.mm */; };
		35F7267E23A3260A009BCD7F /* RTCUtils.m in Sources */ = {isa = PBXBuildFile; fileRef = 35F7267D23A3260A009BCD7F /* RTCUtils.m */; };
		35F7268023A3261C009BCD7F /* RTCUtils.h in Headers */ = {isa = PBXBuildFile; fileRef = 35F7267F23A3261C009BCD7F /* RTCUtils.h */; settings = {ATTRIBUTES = (Public, ); }; };
		35F7268F23A3311F009BCD7F /* WebRTC.framework in Frameworks */ = {isa = PBXBuildFile; fileRef = 3544B7E6238E604A00A6AA17 /* WebRTC.framework */; };
		35F7269023A3311F009BCD7F /* WebRTC.framework in Embed Frameworks */ = {isa = PBXBuildFile; fileRef = 3544B7E6238E604A00A6AA17 /* WebRTC.framework */; settings = {ATTRIBUTES = (RemoveHeadersOnCopy, ); }; };
		35FB2488238B9E400092EBCB /* ProducerWrapper.h in Headers */ = {isa = PBXBuildFile; fileRef = 35FB2487238B870E0092EBCB /* ProducerWrapper.h */; settings = {ATTRIBUTES = (Public, ); }; };
		35FB2489238B9E470092EBCB /* TransportWrapper.h in Headers */ = {isa = PBXBuildFile; fileRef = 35FB2486238B823F0092EBCB /* TransportWrapper.h */; settings = {ATTRIBUTES = (Public, ); }; };
/* End PBXBuildFile section */

/* Begin PBXContainerItemProxy section */
		3538C5572397ABD8007EB078 /* PBXContainerItemProxy */ = {
			isa = PBXContainerItemProxy;
			containerPortal = 35E2E4732385284700E315FD /* Project object */;
			proxyType = 1;
			remoteGlobalIDString = 35E2E47B2385284800E315FD;
			remoteInfo = "mediasoup-client-ios";
		};
/* End PBXContainerItemProxy section */

/* Begin PBXCopyFilesBuildPhase section */
		35D1722A238CFB4700FAF301 /* Embed Frameworks */ = {
			isa = PBXCopyFilesBuildPhase;
			buildActionMask = 2147483647;
			dstPath = "";
			dstSubfolderSpec = 10;
			files = (
				35256BF9239A4AA800E27BB3 /* CoreVideo.framework in Embed Frameworks */,
				35256BF7239A4AA600E27BB3 /* CoreMedia.framework in Embed Frameworks */,
				35D17230238CFB5100FAF301 /* AVFoundation.framework in Embed Frameworks */,
				35F7269023A3311F009BCD7F /* WebRTC.framework in Embed Frameworks */,
				35D1722E238CFB5000FAF301 /* CoreAudio.framework in Embed Frameworks */,
				35D17232238CFB5300FAF301 /* AudioToolbox.framework in Embed Frameworks */,
				35D1722C238CFB4B00FAF301 /* UIKit.framework in Embed Frameworks */,
			);
			name = "Embed Frameworks";
			runOnlyForDeploymentPostprocessing = 0;
		};
/* End PBXCopyFilesBuildPhase section */

/* Begin PBXFileReference section */
		351A83202394A4BA00BA7A13 /* Transport.h */ = {isa = PBXFileReference; lastKnownFileType = sourcecode.c.h; path = Transport.h; sourceTree = "<group>"; };
		351A83212394A68700BA7A13 /* Transport.mm */ = {isa = PBXFileReference; lastKnownFileType = sourcecode.cpp.objcpp; path = Transport.mm; sourceTree = "<group>"; };
		351A832C2394B08E00BA7A13 /* Consumer.h */ = {isa = PBXFileReference; lastKnownFileType = sourcecode.c.h; path = Consumer.h; sourceTree = "<group>"; };
		351A832D2394B09600BA7A13 /* Producer.h */ = {isa = PBXFileReference; lastKnownFileType = sourcecode.c.h; path = Producer.h; sourceTree = "<group>"; };
		351A83302394B7F400BA7A13 /* Consumer.mm */ = {isa = PBXFileReference; lastKnownFileType = sourcecode.cpp.objcpp; path = Consumer.mm; sourceTree = "<group>"; };
		351A83372394C11C00BA7A13 /* Producer.mm */ = {isa = PBXFileReference; lastKnownFileType = sourcecode.cpp.objcpp; path = Producer.mm; sourceTree = "<group>"; };
		351A83392394DC6A00BA7A13 /* SendTransport.h */ = {isa = PBXFileReference; lastKnownFileType = sourcecode.c.h; path = SendTransport.h; sourceTree = "<group>"; };
		351A833A2394DC7300BA7A13 /* RecvTransport.h */ = {isa = PBXFileReference; lastKnownFileType = sourcecode.c.h; path = RecvTransport.h; sourceTree = "<group>"; };
		351A833D2394DE2B00BA7A13 /* RecvTransport.mm */ = {isa = PBXFileReference; lastKnownFileType = sourcecode.cpp.objcpp; path = RecvTransport.mm; sourceTree = "<group>"; };
		351A833F2394DE3A00BA7A13 /* SendTransport.mm */ = {isa = PBXFileReference; lastKnownFileType = sourcecode.cpp.objcpp; path = SendTransport.mm; sourceTree = "<group>"; };
		351A83412394E06800BA7A13 /* MediasoupclientTests.m */ = {isa = PBXFileReference; lastKnownFileType = sourcecode.c.objc; path = MediasoupclientTests.m; sourceTree = "<group>"; };
		35256BEE239A07B000E27BB3 /* ConsumerTests.m */ = {isa = PBXFileReference; lastKnownFileType = sourcecode.c.objc; path = ConsumerTests.m; sourceTree = "<group>"; };
		35256BF2239A4A9B00E27BB3 /* CoreMedia.framework */ = {isa = PBXFileReference; lastKnownFileType = wrapper.framework; name = CoreMedia.framework; path = System/Library/Frameworks/CoreMedia.framework; sourceTree = SDKROOT; };
		35256BF4239A4AA100E27BB3 /* CoreVideo.framework */ = {isa = PBXFileReference; lastKnownFileType = wrapper.framework; name = CoreVideo.framework; path = System/Library/Frameworks/CoreVideo.framework; sourceTree = SDKROOT; };
		3538C5542397A91A007EB078 /* libc++.tbd */ = {isa = PBXFileReference; lastKnownFileType = "sourcecode.text-based-dylib-definition"; name = "libc++.tbd"; path = "usr/lib/libc++.tbd"; sourceTree = SDKROOT; };
		353BD1292387E23500A8734C /* UIKit.framework */ = {isa = PBXFileReference; lastKnownFileType = wrapper.framework; name = UIKit.framework; path = System/Library/Frameworks/UIKit.framework; sourceTree = SDKROOT; };
		353BD12D2387E6FE00A8734C /* DeviceWrapper.mm */ = {isa = PBXFileReference; lastKnownFileType = sourcecode.cpp.objcpp; path = DeviceWrapper.mm; sourceTree = "<group>"; };
		353EA3D42395F051000D5353 /* SendTransportListernerImpl.h */ = {isa = PBXFileReference; lastKnownFileType = sourcecode.c.h; path = SendTransportListernerImpl.h; sourceTree = "<group>"; };
		353EA3D52395F0A1000D5353 /* SendTransportListenerImpl.m */ = {isa = PBXFileReference; lastKnownFileType = sourcecode.c.objc; path = SendTransportListenerImpl.m; sourceTree = "<group>"; };
		353EA3DA23960964000D5353 /* util.h */ = {isa = PBXFileReference; lastKnownFileType = sourcecode.c.h; path = util.h; sourceTree = "<group>"; };
		353EA3DB23960A0F000D5353 /* Util.m */ = {isa = PBXFileReference; lastKnownFileType = sourcecode.c.objc; path = Util.m; sourceTree = "<group>"; };
		353EA3DD23960BDD000D5353 /* RecvTransportListenerImpl.h */ = {isa = PBXFileReference; lastKnownFileType = sourcecode.c.h; path = RecvTransportListenerImpl.h; sourceTree = "<group>"; };
		353EA3DE23960C01000D5353 /* RecvTransportListenerImpl.m */ = {isa = PBXFileReference; lastKnownFileType = sourcecode.c.objc; path = RecvTransportListenerImpl.m; sourceTree = "<group>"; };
		353EA3E023960EBE000D5353 /* TransportTests.m */ = {isa = PBXFileReference; lastKnownFileType = sourcecode.c.objc; path = TransportTests.m; sourceTree = "<group>"; };
		353EA3E223963B6A000D5353 /* ProducerTests.m */ = {isa = PBXFileReference; lastKnownFileType = sourcecode.c.objc; path = ProducerTests.m; sourceTree = "<group>"; };
		3544B7E6238E604A00A6AA17 /* WebRTC.framework */ = {isa = PBXFileReference; lastKnownFileType = wrapper.framework; name = WebRTC.framework; path = "mediasoup-client-ios/dependencies/webrtc/src/out_ios_libs/WebRTC.framework"; sourceTree = "<group>"; };
		355C61292387702600986297 /* ConsumerWrapper.mm */ = {isa = PBXFileReference; lastKnownFileType = sourcecode.cpp.objcpp; path = ConsumerWrapper.mm; sourceTree = "<group>"; };
		355C613223877F2B00986297 /* ProducerWrapper.mm */ = {isa = PBXFileReference; lastKnownFileType = sourcecode.cpp.objcpp; path = ProducerWrapper.mm; sourceTree = "<group>"; };
		355C61362387995200986297 /* TransportWrapper.mm */ = {isa = PBXFileReference; lastKnownFileType = sourcecode.cpp.objcpp; path = TransportWrapper.mm; sourceTree = "<group>"; };
		355C61382387D96300986297 /* CoreAudio.framework */ = {isa = PBXFileReference; lastKnownFileType = wrapper.framework; name = CoreAudio.framework; path = System/Library/Frameworks/CoreAudio.framework; sourceTree = SDKROOT; };
		355C613A2387D96A00986297 /* AudioUnit.framework */ = {isa = PBXFileReference; lastKnownFileType = wrapper.framework; name = AudioUnit.framework; path = System/Library/Frameworks/AudioUnit.framework; sourceTree = SDKROOT; };
		355C613C2387D97100986297 /* AudioToolbox.framework */ = {isa = PBXFileReference; lastKnownFileType = wrapper.framework; name = AudioToolbox.framework; path = System/Library/Frameworks/AudioToolbox.framework; sourceTree = SDKROOT; };
		355C613F2387D9C100986297 /* CoreAudioTypes.framework */ = {isa = PBXFileReference; lastKnownFileType = wrapper.framework; name = CoreAudioTypes.framework; path = System/Library/Frameworks/CoreAudioTypes.framework; sourceTree = SDKROOT; };
		355C61422387DA6100986297 /* AVKit.framework */ = {isa = PBXFileReference; lastKnownFileType = wrapper.framework; name = AVKit.framework; path = System/Library/Frameworks/AVKit.framework; sourceTree = SDKROOT; };
		355C61442387DA7B00986297 /* AVFoundation.framework */ = {isa = PBXFileReference; lastKnownFileType = wrapper.framework; name = AVFoundation.framework; path = System/Library/Frameworks/AVFoundation.framework; sourceTree = SDKROOT; };
		355D2358238D15C700965753 /* dependencies */ = {isa = PBXFileReference; lastKnownFileType = folder; name = dependencies; path = "mediasoup-client-ios/dependencies"; sourceTree = "<group>"; };
		3570311523977BFC00761AF5 /* LoggerWrapper.mm */ = {isa = PBXFileReference; lastKnownFileType = sourcecode.cpp.objcpp; path = LoggerWrapper.mm; sourceTree = "<group>"; };
		3570311723977DF800761AF5 /* Logger.mm */ = {isa = PBXFileReference; lastKnownFileType = sourcecode.cpp.objcpp; path = Logger.mm; sourceTree = "<group>"; };
		3570311923977E0F00761AF5 /* Logger.h */ = {isa = PBXFileReference; lastKnownFileType = sourcecode.c.h; path = Logger.h; sourceTree = "<group>"; };
		3570311B2397802C00761AF5 /* LoggerWrapper.h */ = {isa = PBXFileReference; lastKnownFileType = sourcecode.c.h; path = LoggerWrapper.h; sourceTree = "<group>"; };
		35C66C46238E7F21003C2E1E /* libwebrtc.a */ = {isa = PBXFileReference; lastKnownFileType = archive.ar; name = libwebrtc.a; path = "mediasoup-client-ios/dependencies/webrtc/src/out_ios_libs/universal/libwebrtc.a"; sourceTree = "<group>"; };
		35D171EE238CD51C00FAF301 /* AVFoundation.framework */ = {isa = PBXFileReference; lastKnownFileType = wrapper.framework; name = AVFoundation.framework; path = Platforms/MacOSX.platform/Developer/SDKs/MacOSX10.15.sdk/System/Library/Frameworks/AVFoundation.framework; sourceTree = DEVELOPER_DIR; };
		35D1721C238CF9BB00FAF301 /* mediasoup-client-iosTests.xctest */ = {isa = PBXFileReference; explicitFileType = wrapper.cfbundle; includeInIndex = 0; path = "mediasoup-client-iosTests.xctest"; sourceTree = BUILT_PRODUCTS_DIR; };
		35D17220238CF9BE00FAF301 /* Info.plist */ = {isa = PBXFileReference; lastKnownFileType = text.plist.xml; path = Info.plist; sourceTree = "<group>"; };
		35D17233238CFBFD00FAF301 /* DeviceTests.m */ = {isa = PBXFileReference; lastKnownFileType = sourcecode.c.objc; path = DeviceTests.m; sourceTree = "<group>"; };
		35D7427D2390B71500C22679 /* Device.h */ = {isa = PBXFileReference; lastKnownFileType = sourcecode.c.h; path = Device.h; sourceTree = "<group>"; };
		35D7427F2390B8AD00C22679 /* Device.mm */ = {isa = PBXFileReference; lastKnownFileType = sourcecode.cpp.objcpp; path = Device.mm; sourceTree = "<group>"; };
		35D742822390EAE300C22679 /* Parameters.m */ = {isa = PBXFileReference; lastKnownFileType = sourcecode.c.objc; path = Parameters.m; sourceTree = "<group>"; };
		35D742842390F0DF00C22679 /* Parameters.h */ = {isa = PBXFileReference; lastKnownFileType = sourcecode.c.h; path = Parameters.h; sourceTree = "<group>"; };
		35D884F72397A07000BA6764 /* libmediasoupclient.a */ = {isa = PBXFileReference; lastKnownFileType = archive.ar; name = libmediasoupclient.a; path = "mediasoup-client-ios/dependencies/libmediasoupclient/lib/libmediasoupclient.a"; sourceTree = "<group>"; };
		35D884F92397A08000BA6764 /* libsdptransform.a */ = {isa = PBXFileReference; lastKnownFileType = archive.ar; name = libsdptransform.a; path = "mediasoup-client-ios/dependencies/libmediasoupclient/lib/libsdptransform.a"; sourceTree = "<group>"; };
		35E2E47C2385284800E315FD /* mediasoup_client_ios.framework */ = {isa = PBXFileReference; explicitFileType = wrapper.framework; includeInIndex = 0; path = mediasoup_client_ios.framework; sourceTree = BUILT_PRODUCTS_DIR; };
		35E2E4802385284800E315FD /* Info.plist */ = {isa = PBXFileReference; lastKnownFileType = text.plist.xml; path = Info.plist; sourceTree = "<group>"; };
		35EEA27823911B5D00134D1C /* MediasoupclientWrapper.mm */ = {isa = PBXFileReference; lastKnownFileType = sourcecode.cpp.objcpp; path = MediasoupclientWrapper.mm; sourceTree = "<group>"; };
		35EEA27A23911C0200134D1C /* MediasoupclientWrapper.h */ = {isa = PBXFileReference; lastKnownFileType = sourcecode.c.h; path = MediasoupclientWrapper.h; sourceTree = "<group>"; };
		35EEA27D23911CB000134D1C /* Mediasoupclient.mm */ = {isa = PBXFileReference; lastKnownFileType = sourcecode.cpp.objcpp; path = Mediasoupclient.mm; sourceTree = "<group>"; };
		35EEA28023911D3B00134D1C /* Mediasoupclient.h */ = {isa = PBXFileReference; lastKnownFileType = sourcecode.c.h; path = Mediasoupclient.h; sourceTree = "<group>"; };
		35F7267D23A3260A009BCD7F /* RTCUtils.m */ = {isa = PBXFileReference; lastKnownFileType = sourcecode.c.objc; path = RTCUtils.m; sourceTree = "<group>"; };
		35F7267F23A3261C009BCD7F /* RTCUtils.h */ = {isa = PBXFileReference; lastKnownFileType = sourcecode.c.h; path = RTCUtils.h; sourceTree = "<group>"; };
		35FB2486238B823F0092EBCB /* TransportWrapper.h */ = {isa = PBXFileReference; lastKnownFileType = sourcecode.c.h; path = TransportWrapper.h; sourceTree = "<group>"; };
		35FB2487238B870E0092EBCB /* ProducerWrapper.h */ = {isa = PBXFileReference; lastKnownFileType = sourcecode.c.h; path = ProducerWrapper.h; sourceTree = "<group>"; };
		35FB248B238BA8920092EBCB /* ConsumerWrapper.h */ = {isa = PBXFileReference; lastKnownFileType = sourcecode.c.h; path = ConsumerWrapper.h; sourceTree = "<group>"; };
		35FB248C238BA8C00092EBCB /* DeviceWrapper.h */ = {isa = PBXFileReference; lastKnownFileType = sourcecode.c.h; path = DeviceWrapper.h; sourceTree = "<group>"; };
/* End PBXFileReference section */

/* Begin PBXFrameworksBuildPhase section */
		35D17219238CF9BB00FAF301 /* Frameworks */ = {
			isa = PBXFrameworksBuildPhase;
			buildActionMask = 2147483647;
			files = (
				35D884F12397984800BA6764 /* mediasoup_client_ios.framework in Frameworks */,
			);
			runOnlyForDeploymentPostprocessing = 0;
		};
		35E2E4792385284800E315FD /* Frameworks */ = {
			isa = PBXFrameworksBuildPhase;
			buildActionMask = 2147483647;
			files = (
				35C66C47238E7F21003C2E1E /* libwebrtc.a in Frameworks */,
				35256BF6239A4AA600E27BB3 /* CoreMedia.framework in Frameworks */,
				35D884FA2397A08000BA6764 /* libsdptransform.a in Frameworks */,
				35D884F82397A07000BA6764 /* libmediasoupclient.a in Frameworks */,
				35D1722F238CFB5100FAF301 /* AVFoundation.framework in Frameworks */,
				35256BF1239A4A7800E27BB3 /* AudioToolbox.framework in Frameworks */,
				35D1722B238CFB4B00FAF301 /* UIKit.framework in Frameworks */,
				35F7268F23A3311F009BCD7F /* WebRTC.framework in Frameworks */,
				35D17231238CFB5300FAF301 /* AudioToolbox.framework in Frameworks */,
				35256BF8239A4AA800E27BB3 /* CoreVideo.framework in Frameworks */,
				35D1722D238CFB5000FAF301 /* CoreAudio.framework in Frameworks */,
			);
			runOnlyForDeploymentPostprocessing = 0;
		};
/* End PBXFrameworksBuildPhase section */

/* Begin PBXGroup section */
		350559B323A8C9AD00576D83 /* wrapper */ = {
			isa = PBXGroup;
			children = (
				35FB2486238B823F0092EBCB /* TransportWrapper.h */,
				35FB2487238B870E0092EBCB /* ProducerWrapper.h */,
				35FB248B238BA8920092EBCB /* ConsumerWrapper.h */,
				35FB248C238BA8C00092EBCB /* DeviceWrapper.h */,
				35EEA27A23911C0200134D1C /* MediasoupclientWrapper.h */,
				3570311B2397802C00761AF5 /* LoggerWrapper.h */,
			);
			path = wrapper;
			sourceTree = "<group>";
		};
		350559B423A8CA1D00576D83 /* src */ = {
			isa = PBXGroup;
			children = (
				35D7427F2390B8AD00C22679 /* Device.mm */,
				35EEA27D23911CB000134D1C /* Mediasoupclient.mm */,
				351A83212394A68700BA7A13 /* Transport.mm */,
				351A83302394B7F400BA7A13 /* Consumer.mm */,
				351A83372394C11C00BA7A13 /* Producer.mm */,
				351A833D2394DE2B00BA7A13 /* RecvTransport.mm */,
				351A833F2394DE3A00BA7A13 /* SendTransport.mm */,
				3570311723977DF800761AF5 /* Logger.mm */,
				355C612D23877D9C00986297 /* C++Wrapper */,
				35F7267C23A325DC009BCD7F /* webrtc */,
			);
			path = src;
			sourceTree = "<group>";
		};
		353EA3D32395F025000D5353 /* mocks */ = {
			isa = PBXGroup;
			children = (
				353EA3D42395F051000D5353 /* SendTransportListernerImpl.h */,
				353EA3D52395F0A1000D5353 /* SendTransportListenerImpl.m */,
				353EA3DD23960BDD000D5353 /* RecvTransportListenerImpl.h */,
				353EA3DE23960C01000D5353 /* RecvTransportListenerImpl.m */,
			);
			path = mocks;
			sourceTree = "<group>";
		};
		353EA3D92396094C000D5353 /* utils */ = {
			isa = PBXGroup;
			children = (
				353EA3DA23960964000D5353 /* util.h */,
				353EA3DB23960A0F000D5353 /* Util.m */,
			);
			path = utils;
			sourceTree = "<group>";
		};
		355C612D23877D9C00986297 /* C++Wrapper */ = {
			isa = PBXGroup;
			children = (
				355C61292387702600986297 /* ConsumerWrapper.mm */,
				355C613223877F2B00986297 /* ProducerWrapper.mm */,
				355C61362387995200986297 /* TransportWrapper.mm */,
				353BD12D2387E6FE00A8734C /* DeviceWrapper.mm */,
				35EEA27823911B5D00134D1C /* MediasoupclientWrapper.mm */,
				3570311523977BFC00761AF5 /* LoggerWrapper.mm */,
			);
			path = "C++Wrapper";
			sourceTree = "<group>";
		};
		35D1721D238CF9BB00FAF301 /* mediasoup-client-ios-tests */ = {
			isa = PBXGroup;
			children = (
				353EA3D92396094C000D5353 /* utils */,
				353EA3D32395F025000D5353 /* mocks */,
				35D742812390EA8100C22679 /* data */,
				35D17220238CF9BE00FAF301 /* Info.plist */,
				35D17233238CFBFD00FAF301 /* DeviceTests.m */,
				351A83412394E06800BA7A13 /* MediasoupclientTests.m */,
				353EA3E023960EBE000D5353 /* TransportTests.m */,
				353EA3E223963B6A000D5353 /* ProducerTests.m */,
				35256BEE239A07B000E27BB3 /* ConsumerTests.m */,
			);
			path = "mediasoup-client-ios-tests";
			sourceTree = "<group>";
		};
		35D742812390EA8100C22679 /* data */ = {
			isa = PBXGroup;
			children = (
				35D742822390EAE300C22679 /* Parameters.m */,
				35D742842390F0DF00C22679 /* Parameters.h */,
			);
			path = data;
			sourceTree = "<group>";
		};
		35E2E4722385284700E315FD = {
			isa = PBXGroup;
			children = (
				355D2358238D15C700965753 /* dependencies */,
				35E2E47E2385284800E315FD /* mediasoup-client-ios */,
				35D1721D238CF9BB00FAF301 /* mediasoup-client-ios-tests */,
				35E2E47D2385284800E315FD /* Products */,
				35E2E4892385289700E315FD /* Frameworks */,
			);
			sourceTree = "<group>";
		};
		35E2E47D2385284800E315FD /* Products */ = {
			isa = PBXGroup;
			children = (
				35E2E47C2385284800E315FD /* mediasoup_client_ios.framework */,
				35D1721C238CF9BB00FAF301 /* mediasoup-client-iosTests.xctest */,
			);
			name = Products;
			sourceTree = "<group>";
		};
		35E2E47E2385284800E315FD /* mediasoup-client-ios */ = {
			isa = PBXGroup;
			children = (
				350559B423A8CA1D00576D83 /* src */,
				35EEA27F23911D2200134D1C /* include */,
				35E2E4802385284800E315FD /* Info.plist */,
			);
			path = "mediasoup-client-ios";
			sourceTree = "<group>";
		};
		35E2E4892385289700E315FD /* Frameworks */ = {
			isa = PBXGroup;
			children = (
				35256BF4239A4AA100E27BB3 /* CoreVideo.framework */,
				35256BF2239A4A9B00E27BB3 /* CoreMedia.framework */,
				3538C5542397A91A007EB078 /* libc++.tbd */,
				35D884F92397A08000BA6764 /* libsdptransform.a */,
				35D884F72397A07000BA6764 /* libmediasoupclient.a */,
				35C66C46238E7F21003C2E1E /* libwebrtc.a */,
				3544B7E6238E604A00A6AA17 /* WebRTC.framework */,
				35D171EE238CD51C00FAF301 /* AVFoundation.framework */,
				353BD1292387E23500A8734C /* UIKit.framework */,
				355C61442387DA7B00986297 /* AVFoundation.framework */,
				355C61422387DA6100986297 /* AVKit.framework */,
				355C613F2387D9C100986297 /* CoreAudioTypes.framework */,
				355C613C2387D97100986297 /* AudioToolbox.framework */,
				355C613A2387D96A00986297 /* AudioUnit.framework */,
				355C61382387D96300986297 /* CoreAudio.framework */,
			);
			name = Frameworks;
			sourceTree = "<group>";
		};
		35EEA27F23911D2200134D1C /* include */ = {
			isa = PBXGroup;
			children = (
				35F7267F23A3261C009BCD7F /* RTCUtils.h */,
				350559B323A8C9AD00576D83 /* wrapper */,
				3570311923977E0F00761AF5 /* Logger.h */,
				35D7427D2390B71500C22679 /* Device.h */,
				35EEA28023911D3B00134D1C /* Mediasoupclient.h */,
				351A83202394A4BA00BA7A13 /* Transport.h */,
				351A832C2394B08E00BA7A13 /* Consumer.h */,
				351A832D2394B09600BA7A13 /* Producer.h */,
				351A83392394DC6A00BA7A13 /* SendTransport.h */,
				351A833A2394DC7300BA7A13 /* RecvTransport.h */,
			);
			path = include;
			sourceTree = "<group>";
		};
		35F7267C23A325DC009BCD7F /* webrtc */ = {
			isa = PBXGroup;
			children = (
				35F7267D23A3260A009BCD7F /* RTCUtils.m */,
			);
			path = webrtc;
			sourceTree = "<group>";
		};
/* End PBXGroup section */

/* Begin PBXHeadersBuildPhase section */
		35E2E4772385284800E315FD /* Headers */ = {
			isa = PBXHeadersBuildPhase;
			buildActionMask = 2147483647;
			files = (
				35FB2489238B9E470092EBCB /* TransportWrapper.h in Headers */,
				35FB2488238B9E400092EBCB /* ProducerWrapper.h in Headers */,
				35D762DE238CBA2E0033D7AD /* DeviceWrapper.h in Headers */,
				3538C5532397A8AA007EB078 /* Device.h in Headers */,
				351A833C2394DC7900BA7A13 /* RecvTransport.h in Headers */,
				3570311C2397802C00761AF5 /* LoggerWrapper.h in Headers */,
				35D762DD238CBA2C0033D7AD /* ConsumerWrapper.h in Headers */,
				351A833B2394DC7700BA7A13 /* SendTransport.h in Headers */,
				3570311A23977E0F00761AF5 /* Logger.h in Headers */,
				351A83282394AF7C00BA7A13 /* MediasoupclientWrapper.h in Headers */,
				351A832F2394B7AB00BA7A13 /* Producer.h in Headers */,
				351A832E2394B7A900BA7A13 /* Consumer.h in Headers */,
				35F7268023A3261C009BCD7F /* RTCUtils.h in Headers */,
				351A83242394AD5F00BA7A13 /* Mediasoupclient.h in Headers */,
				351A83232394AD5C00BA7A13 /* Transport.h in Headers */,
			);
			runOnlyForDeploymentPostprocessing = 0;
		};
/* End PBXHeadersBuildPhase section */

/* Begin PBXNativeTarget section */
		35D1721B238CF9BB00FAF301 /* mediasoup-client-iosTests */ = {
			isa = PBXNativeTarget;
			buildConfigurationList = 35D17224238CF9BE00FAF301 /* Build configuration list for PBXNativeTarget "mediasoup-client-iosTests" */;
			buildPhases = (
				35D17218238CF9BB00FAF301 /* Sources */,
				35D17219238CF9BB00FAF301 /* Frameworks */,
				35D1721A238CF9BB00FAF301 /* Resources */,
			);
			buildRules = (
			);
			dependencies = (
				3538C5582397ABD8007EB078 /* PBXTargetDependency */,
			);
			name = "mediasoup-client-iosTests";
			productName = ProjectTests;
			productReference = 35D1721C238CF9BB00FAF301 /* mediasoup-client-iosTests.xctest */;
			productType = "com.apple.product-type.bundle.unit-test";
		};
		35E2E47B2385284800E315FD /* mediasoup-client-ios */ = {
			isa = PBXNativeTarget;
			buildConfigurationList = 35E2E4842385284800E315FD /* Build configuration list for PBXNativeTarget "mediasoup-client-ios" */;
			buildPhases = (
				35A708F3238FABC900BD3716 /* ShellScript */,
				35E2E4772385284800E315FD /* Headers */,
				35E2E4782385284800E315FD /* Sources */,
				35E2E4792385284800E315FD /* Frameworks */,
				35D1722A238CFB4700FAF301 /* Embed Frameworks */,
			);
			buildRules = (
			);
			dependencies = (
			);
			name = "mediasoup-client-ios";
			productName = Project;
			productReference = 35E2E47C2385284800E315FD /* mediasoup_client_ios.framework */;
			productType = "com.apple.product-type.framework";
		};
/* End PBXNativeTarget section */

/* Begin PBXProject section */
		35E2E4732385284700E315FD /* Project object */ = {
			isa = PBXProject;
			attributes = {
				LastUpgradeCheck = 1120;
				ORGANIZATIONNAME = "Denvir Ethan";
				TargetAttributes = {
					35D1721B238CF9BB00FAF301 = {
						CreatedOnToolsVersion = 11.2.1;
					};
					35E2E47B2385284800E315FD = {
						CreatedOnToolsVersion = 11.2.1;
						LastSwiftMigration = 1120;
					};
				};
			};
			buildConfigurationList = 35E2E4762385284700E315FD /* Build configuration list for PBXProject "mediasoup-client-ios" */;
			compatibilityVersion = "Xcode 9.3";
			developmentRegion = en;
			hasScannedForEncodings = 0;
			knownRegions = (
				en,
				Base,
			);
			mainGroup = 35E2E4722385284700E315FD;
			productRefGroup = 35E2E47D2385284800E315FD /* Products */;
			projectDirPath = "";
			projectRoot = "";
			targets = (
				35E2E47B2385284800E315FD /* mediasoup-client-ios */,
				35D1721B238CF9BB00FAF301 /* mediasoup-client-iosTests */,
			);
		};
/* End PBXProject section */

/* Begin PBXResourcesBuildPhase section */
		35D1721A238CF9BB00FAF301 /* Resources */ = {
			isa = PBXResourcesBuildPhase;
			buildActionMask = 2147483647;
			files = (
			);
			runOnlyForDeploymentPostprocessing = 0;
		};
/* End PBXResourcesBuildPhase section */

/* Begin PBXShellScriptBuildPhase section */
		35A708F3238FABC900BD3716 /* ShellScript */ = {
			isa = PBXShellScriptBuildPhase;
			buildActionMask = 2147483647;
			files = (
			);
			inputFileListPaths = (
			);
			inputPaths = (
			);
			outputFileListPaths = (
			);
			outputPaths = (
			);
			runOnlyForDeploymentPostprocessing = 0;
			shellPath = /bin/sh;
			shellScript = "# Script to copy mediasoup/webrtc header files to project\ncd \"${SRCROOT}/mediasoup-client-ios/dependencies/libmediasoupclient/include\"\n\necho \"Copying mediasoup header files to the Framework\"\n# Copy mediasoup headers to framework\nfor header in `find . -name \"*.hpp\" -o -name \"*.h\"`; do\n    echo \"copying ${header} to ${BUILT_PROJECTS_DIR}/${PUBLIC_HEADERS_FOLDER_PATH}/${header}\"\n    cp -rf \"${header}\" \"${BUILT_PRODUCTS_DIR}/${PUBLIC_HEADERS_FOLDER_PATH}/${header}\"\ndone\n\ncd \"${SRCROOT}/mediasoup-client-ios/dependencies/webrtc/src/\"\n\necho \"Copying webrtc header files to the framework\"\n# Copy webrtc api to the framework\nfor header in `find ./api -name \"*.hpp\" -o -name \"*.h\"`; do\n    echo \"copying ${header} to ${BUILT_PROJECTS_DIR}/${PUBLIC_HEADERS_FOLDER_PATH}/${header}\"\n    ditto \"${header}\" \"${BUILT_PRODUCTS_DIR}/${PUBLIC_HEADERS_FOLDER_PATH}/${header}\"\ndone\n\n# Copy webrtc third_party abseil-cpp\necho \"Copying webrtc third party header files\"\ncd \"${SRCROOT}/mediasoup-client-ios/dependencies/webrtc/src/third_party/abseil-cpp\"\n\nfor header in `find . -name \"*.hpp\" -o -name \"*.h\"`; do\n    echo \"copying ${header} to ${BUILT_PROJECTS_DIR}/${PUBLIC_HEADERS_FOLDER_PATH}/${header}\"\n    ditto \"${header}\" \"${BUILT_PRODUCTS_DIR}/${PUBLIC_HEADERS_FOLDER_PATH}/${header}\"\ndone\n";
		};
/* End PBXShellScriptBuildPhase section */

/* Begin PBXSourcesBuildPhase section */
		35D17218238CF9BB00FAF301 /* Sources */ = {
			isa = PBXSourcesBuildPhase;
			buildActionMask = 2147483647;
			files = (
				353EA3DC23960A0F000D5353 /* Util.m in Sources */,
				353EA3E323963B6A000D5353 /* ProducerTests.m in Sources */,
				351A83432394E0AF00BA7A13 /* MediasoupclientTests.m in Sources */,
				353EA3D72395F0A5000D5353 /* SendTransportListenerImpl.m in Sources */,
				353EA3E123960EBE000D5353 /* TransportTests.m in Sources */,
				35D17234238CFBFD00FAF301 /* DeviceTests.m in Sources */,
				353EA3D82395F26C000D5353 /* Parameters.m in Sources */,
				353EA3DF23960C01000D5353 /* RecvTransportListenerImpl.m in Sources */,
				35256BEF239A07B000E27BB3 /* ConsumerTests.m in Sources */,
			);
			runOnlyForDeploymentPostprocessing = 0;
		};
		35E2E4782385284800E315FD /* Sources */ = {
			isa = PBXSourcesBuildPhase;
			buildActionMask = 2147483647;
			files = (
				3538C5562397A9C5007EB078 /* Device.mm in Sources */,
				351A833E2394DE2B00BA7A13 /* RecvTransport.mm in Sources */,
				35EEA27923911B5D00134D1C /* MediasoupclientWrapper.mm in Sources */,
				35F7267E23A3260A009BCD7F /* RTCUtils.m in Sources */,
				355C612A2387702600986297 /* ConsumerWrapper.mm in Sources */,
				3538C55A2397AE5C007EB078 /* DeviceWrapper.mm in Sources */,
				351A83382394C11C00BA7A13 /* Producer.mm in Sources */,
				3570311623977BFC00761AF5 /* LoggerWrapper.mm in Sources */,
				351A83402394DE3A00BA7A13 /* SendTransport.mm in Sources */,
				351A83222394A68700BA7A13 /* Transport.mm in Sources */,
				3570311823977DF800761AF5 /* Logger.mm in Sources */,
				35EEA27E23911CB000134D1C /* Mediasoupclient.mm in Sources */,
				355C61372387995200986297 /* TransportWrapper.mm in Sources */,
				355C613323877F2B00986297 /* ProducerWrapper.mm in Sources */,
				351A83312394B7F400BA7A13 /* Consumer.mm in Sources */,
			);
			runOnlyForDeploymentPostprocessing = 0;
		};
/* End PBXSourcesBuildPhase section */

/* Begin PBXTargetDependency section */
		3538C5582397ABD8007EB078 /* PBXTargetDependency */ = {
			isa = PBXTargetDependency;
			target = 35E2E47B2385284800E315FD /* mediasoup-client-ios */;
			targetProxy = 3538C5572397ABD8007EB078 /* PBXContainerItemProxy */;
		};
/* End PBXTargetDependency section */

/* Begin XCBuildConfiguration section */
		35D17225238CF9BE00FAF301 /* Debug */ = {
			isa = XCBuildConfiguration;
			buildSettings = {
				CLANG_CXX_LANGUAGE_STANDARD = "c++14";
				CLANG_CXX_LIBRARY = "libc++";
				CLANG_ENABLE_OBJC_ARC = YES;
				CODE_SIGN_STYLE = Automatic;
				DEVELOPMENT_TEAM = 2G8EYG6ATY;
				FRAMEWORK_SEARCH_PATHS = "$(PROJECT_DIR)/mediasoup-client-ios/dependencies/webrtc/src/out_ios_libs";
				HEADER_SEARCH_PATHS = (
					"$(inherited)",
					"${SRCROOT}/mediasoup-client-ios/dependencies/libmediasoupclient/include/**",
				);
				INFOPLIST_FILE = "mediasoup-client-ios-tests/Info.plist";
				IPHONEOS_DEPLOYMENT_TARGET = 9.0;
				LD_RUNPATH_SEARCH_PATHS = (
					"$(inherited)",
					"@executable_path/Frameworks",
					"@loader_path/Frameworks",
					"$(BUILT_PRODUCTS_DIR)/mediasoup_client_ios.framework/Frameworks",
				);
				LIBRARY_SEARCH_PATHS = (
					"$(inherited)",
					"${SRCROOT}/mediasoup-client-ios/dependencies/**",
				);
				ONLY_ACTIVE_ARCH = YES;
				PRODUCT_BUNDLE_IDENTIFIER = "org.mediasoup.ios.mediasoup-client-tests";
				PRODUCT_NAME = "$(TARGET_NAME)";
				TARGETED_DEVICE_FAMILY = "1,2";
			};
			name = Debug;
		};
		35D17226238CF9BE00FAF301 /* Release */ = {
			isa = XCBuildConfiguration;
			buildSettings = {
				CLANG_CXX_LANGUAGE_STANDARD = "c++14";
				CLANG_CXX_LIBRARY = "libc++";
				CLANG_ENABLE_OBJC_ARC = YES;
				CODE_SIGN_STYLE = Automatic;
				DEVELOPMENT_TEAM = 2G8EYG6ATY;
				FRAMEWORK_SEARCH_PATHS = "$(PROJECT_DIR)/mediasoup-client-ios/dependencies/webrtc/src/out_ios_libs";
				HEADER_SEARCH_PATHS = (
					"$(inherited)",
					"${SRCROOT}/mediasoup-client-ios/dependencies/libmediasoupclient/include/**",
				);
				INFOPLIST_FILE = "mediasoup-client-ios-tests/Info.plist";
				IPHONEOS_DEPLOYMENT_TARGET = 9.0;
				LD_RUNPATH_SEARCH_PATHS = (
					"$(inherited)",
					"@executable_path/Frameworks",
					"@loader_path/Frameworks",
					"$(BUILT_PRODUCTS_DIR)/mediasoup_client_ios.framework/Frameworks",
				);
				LIBRARY_SEARCH_PATHS = (
					"$(inherited)",
					"${SRCROOT}/mediasoup-client-ios/dependencies/**",
				);
				PRODUCT_BUNDLE_IDENTIFIER = "org.mediasoup.ios.mediasoup-client-tests";
				PRODUCT_NAME = "$(TARGET_NAME)";
				TARGETED_DEVICE_FAMILY = "1,2";
			};
			name = Release;
		};
		35E2E4822385284800E315FD /* Debug */ = {
			isa = XCBuildConfiguration;
			buildSettings = {
				ALWAYS_SEARCH_USER_PATHS = NO;
				CLANG_ANALYZER_NONNULL = YES;
				CLANG_ANALYZER_NUMBER_OBJECT_CONVERSION = YES_AGGRESSIVE;
				CLANG_CXX_LANGUAGE_STANDARD = "c++14";
				CLANG_CXX_LIBRARY = "libstdc++";
				CLANG_ENABLE_MODULES = YES;
				CLANG_ENABLE_OBJC_ARC = YES;
				CLANG_ENABLE_OBJC_WEAK = YES;
				CLANG_WARN_BLOCK_CAPTURE_AUTORELEASING = YES;
				CLANG_WARN_BOOL_CONVERSION = YES;
				CLANG_WARN_COMMA = YES;
				CLANG_WARN_CONSTANT_CONVERSION = YES;
				CLANG_WARN_DEPRECATED_OBJC_IMPLEMENTATIONS = YES;
				CLANG_WARN_DIRECT_OBJC_ISA_USAGE = YES_ERROR;
				CLANG_WARN_DOCUMENTATION_COMMENTS = YES;
				CLANG_WARN_EMPTY_BODY = YES;
				CLANG_WARN_ENUM_CONVERSION = YES;
				CLANG_WARN_INFINITE_RECURSION = YES;
				CLANG_WARN_INT_CONVERSION = YES;
				CLANG_WARN_NON_LITERAL_NULL_CONVERSION = YES;
				CLANG_WARN_OBJC_IMPLICIT_RETAIN_SELF = YES;
				CLANG_WARN_OBJC_LITERAL_CONVERSION = YES;
				CLANG_WARN_OBJC_ROOT_CLASS = YES_ERROR;
				CLANG_WARN_RANGE_LOOP_ANALYSIS = YES;
				CLANG_WARN_STRICT_PROTOTYPES = YES;
				CLANG_WARN_SUSPICIOUS_MOVE = YES;
				CLANG_WARN_UNGUARDED_AVAILABILITY = YES_AGGRESSIVE;
				CLANG_WARN_UNREACHABLE_CODE = YES;
				CLANG_WARN__DUPLICATE_METHOD_MATCH = YES;
				COPY_PHASE_STRIP = NO;
				CURRENT_PROJECT_VERSION = 1;
				DEBUG_INFORMATION_FORMAT = dwarf;
				ENABLE_STRICT_OBJC_MSGSEND = YES;
				ENABLE_TESTABILITY = YES;
				GCC_C_LANGUAGE_STANDARD = gnu11;
				GCC_DYNAMIC_NO_PIC = NO;
				GCC_NO_COMMON_BLOCKS = YES;
				GCC_OPTIMIZATION_LEVEL = 0;
				GCC_PREPROCESSOR_DEFINITIONS = (
					"DEBUG=1",
					"$(inherited)",
				);
				GCC_WARN_64_TO_32_BIT_CONVERSION = YES;
				GCC_WARN_ABOUT_RETURN_TYPE = YES_ERROR;
				GCC_WARN_UNDECLARED_SELECTOR = YES;
				GCC_WARN_UNINITIALIZED_AUTOS = YES_AGGRESSIVE;
				GCC_WARN_UNUSED_FUNCTION = YES;
				GCC_WARN_UNUSED_VARIABLE = YES;
				HEADER_SEARCH_PATHS = "$(SRCROOT}/mediasoup-client-ios/dependencies/webrtc/src/third_party/abseil-cpp $(SRCROOT)/mediasoup-client-ios/dependencies/webrtc/src/ ${SRCROOT}/mediasoup-client-ios/dependencies/libmediasoupclient/include";
				IPHONEOS_DEPLOYMENT_TARGET = 9.0;
				LIBRARY_SEARCH_PATHS = "${SRCROOT}/mediasoup-client-ios/dependencies/webrtc/src/out_ios_libs";
				MTL_ENABLE_DEBUG_INFO = INCLUDE_SOURCE;
				MTL_FAST_MATH = YES;
				ONLY_ACTIVE_ARCH = NO;
				OTHER_CPLUSPLUSFLAGS = (
					"$(OTHER_CFLAGS)",
					"-stdlib=libc++",
					"-fvisibility=hidden",
				);
				OTHER_LDFLAGS = "$(inherited)";
				SDKROOT = iphoneos;
				SWIFT_ACTIVE_COMPILATION_CONDITIONS = DEBUG;
				SWIFT_OPTIMIZATION_LEVEL = "-Onone";
				USER_HEADER_SEARCH_PATHS = "";
				VALID_ARCHS = "$(ARCHS_STANDARD_64_BIT)";
				VERSIONING_SYSTEM = "apple-generic";
				VERSION_INFO_PREFIX = "";
			};
			name = Debug;
		};
		35E2E4832385284800E315FD /* Release */ = {
			isa = XCBuildConfiguration;
			buildSettings = {
				ALWAYS_SEARCH_USER_PATHS = NO;
				CLANG_ANALYZER_NONNULL = YES;
				CLANG_ANALYZER_NUMBER_OBJECT_CONVERSION = YES_AGGRESSIVE;
				CLANG_CXX_LANGUAGE_STANDARD = "c++14";
				CLANG_CXX_LIBRARY = "libstdc++";
				CLANG_ENABLE_MODULES = YES;
				CLANG_ENABLE_OBJC_ARC = YES;
				CLANG_ENABLE_OBJC_WEAK = YES;
				CLANG_WARN_BLOCK_CAPTURE_AUTORELEASING = YES;
				CLANG_WARN_BOOL_CONVERSION = YES;
				CLANG_WARN_COMMA = YES;
				CLANG_WARN_CONSTANT_CONVERSION = YES;
				CLANG_WARN_DEPRECATED_OBJC_IMPLEMENTATIONS = YES;
				CLANG_WARN_DIRECT_OBJC_ISA_USAGE = YES_ERROR;
				CLANG_WARN_DOCUMENTATION_COMMENTS = YES;
				CLANG_WARN_EMPTY_BODY = YES;
				CLANG_WARN_ENUM_CONVERSION = YES;
				CLANG_WARN_INFINITE_RECURSION = YES;
				CLANG_WARN_INT_CONVERSION = YES;
				CLANG_WARN_NON_LITERAL_NULL_CONVERSION = YES;
				CLANG_WARN_OBJC_IMPLICIT_RETAIN_SELF = YES;
				CLANG_WARN_OBJC_LITERAL_CONVERSION = YES;
				CLANG_WARN_OBJC_ROOT_CLASS = YES_ERROR;
				CLANG_WARN_RANGE_LOOP_ANALYSIS = YES;
				CLANG_WARN_STRICT_PROTOTYPES = YES;
				CLANG_WARN_SUSPICIOUS_MOVE = YES;
				CLANG_WARN_UNGUARDED_AVAILABILITY = YES_AGGRESSIVE;
				CLANG_WARN_UNREACHABLE_CODE = YES;
				CLANG_WARN__DUPLICATE_METHOD_MATCH = YES;
				COPY_PHASE_STRIP = NO;
				CURRENT_PROJECT_VERSION = 1;
				DEBUG_INFORMATION_FORMAT = "dwarf-with-dsym";
				ENABLE_NS_ASSERTIONS = NO;
				ENABLE_STRICT_OBJC_MSGSEND = YES;
				GCC_C_LANGUAGE_STANDARD = gnu11;
				GCC_NO_COMMON_BLOCKS = YES;
				GCC_WARN_64_TO_32_BIT_CONVERSION = YES;
				GCC_WARN_ABOUT_RETURN_TYPE = YES_ERROR;
				GCC_WARN_UNDECLARED_SELECTOR = YES;
				GCC_WARN_UNINITIALIZED_AUTOS = YES_AGGRESSIVE;
				GCC_WARN_UNUSED_FUNCTION = YES;
				GCC_WARN_UNUSED_VARIABLE = YES;
				HEADER_SEARCH_PATHS = "$(SRCROOT}/mediasoup-client-ios/dependencies/webrtc/src/third_party/abseil-cpp $(SRCROOT)/mediasoup-client-ios/dependencies/webrtc/src/ ${SRCROOT}/mediasoup-client-ios/dependencies/libmediasoupclient/include";
				IPHONEOS_DEPLOYMENT_TARGET = 9.0;
				LIBRARY_SEARCH_PATHS = "${SRCROOT}/mediasoup-client-ios/dependencies/webrtc/src/out_ios_libs";
				MTL_ENABLE_DEBUG_INFO = NO;
				MTL_FAST_MATH = YES;
				OTHER_CPLUSPLUSFLAGS = (
					"$(OTHER_CFLAGS)",
					"-stdlib=libc++",
					"-fvisibility=hidden",
				);
				OTHER_LDFLAGS = "$(inherited)";
				SDKROOT = iphoneos;
				SWIFT_COMPILATION_MODE = wholemodule;
				SWIFT_OPTIMIZATION_LEVEL = "-O";
				USER_HEADER_SEARCH_PATHS = "";
				VALIDATE_PRODUCT = YES;
				VALID_ARCHS = "$(ARCHS_STANDARD_64_BIT)";
				VERSIONING_SYSTEM = "apple-generic";
				VERSION_INFO_PREFIX = "";
			};
			name = Release;
		};
		35E2E4852385284800E315FD /* Debug */ = {
			isa = XCBuildConfiguration;
			buildSettings = {
				ALTERNATE_OWNER = denvirethan;
				CLANG_ALLOW_NON_MODULAR_INCLUDES_IN_FRAMEWORK_MODULES = YES;
				CLANG_CXX_LANGUAGE_STANDARD = "c++14";
				CLANG_CXX_LIBRARY = "libc++";
				CLANG_ENABLE_MODULES = YES;
				CLANG_ENABLE_OBJC_ARC = NO;
				CLANG_MODULES_DISABLE_PRIVATE_WARNING = YES;
				CODE_SIGN_STYLE = Automatic;
				DEAD_CODE_STRIPPING = YES;
				DEFINES_MODULE = YES;
				DEVELOPMENT_ASSET_PATHS = "";
				DEVELOPMENT_TEAM = 2G8EYG6ATY;
				DYLIB_COMPATIBILITY_VERSION = 1;
				DYLIB_CURRENT_VERSION = 1;
				DYLIB_INSTALL_NAME_BASE = "@rpath";
				ENABLE_BITCODE = NO;
				FRAMEWORK_SEARCH_PATHS = (
					"$(SRCROOT)/mediasoup-client-ios/dependencies/webrtc/src/out_ios_libs",
					"$(BUILT_PRODUCTS_DIR)/mediasoup_client_ios.framework/Frameworks/",
					"$(PROJECT_DIR)/mediasoup-client-ios/dependencies/webrtc/src/out_ios_libs",
				);
				GCC_C_LANGUAGE_STANDARD = gnu11;
				GCC_SYMBOLS_PRIVATE_EXTERN = NO;
				GCC_WARN_INHIBIT_ALL_WARNINGS = YES;
				GCC_WARN_UNINITIALIZED_AUTOS = NO;
				GCC_WARN_UNUSED_VALUE = NO;
				GCC_WARN_UNUSED_VARIABLE = NO;
				HEADER_SEARCH_PATHS = (
					"${SRCROOT}/mediasoup-client-ios/dependencies/libmediasoupclient/include",
					"${SRCROOT}/mediasoup-client-ios/dependencies/webrtc/src",
					"${SRCROOT}/mediasoup-client-ios/dependencies/webrtc/src/third_party/abseil-cpp",
					"${SRCROOT}/mediasoup-client-ios/dependencies",
					"${SRCROOT}/mediasoup-client-ios/dependencies/libmediasoupclient/deps/libsdptransform/include/",
					"${SRCROOT}/mediasoup-client-ios/include/**",
				);
				INFOPLIST_FILE = "mediasoup-client-ios/Info.plist";
				INSTALL_OWNER = denvirethan;
				INSTALL_PATH = "$(LOCAL_LIBRARY_DIR)/Frameworks";
				IPHONEOS_DEPLOYMENT_TARGET = 9.0;
				LD_RUNPATH_SEARCH_PATHS = (
					"$(inherited)",
					"@executable_path/Frameworks",
					"@loader_path/Frameworks",
					"$(SRCROOT)/mediasoup-client-ios/dependencies/webrtc/src/out_ios_libs",
					"$(BUILT_PRODUCTS_DIR)/mediasoup_client_ios.framework/Frameworks",
				);
				LIBRARY_SEARCH_PATHS = (
					"$(inherited)",
					"$(PROJECT_DIR)/mediasoup-client-ios/dependencies/webrtc/src/out_ios_libs/universal",
					"$(PROJECT_DIR)/mediasoup-client-ios/dependencies/libmediasoupclient/lib",
				);
				ONLY_ACTIVE_ARCH = NO;
				OTHER_CPLUSPLUSFLAGS = (
					"$(OTHER_CFLAGS)",
					"-stdlib=libc++",
					"-Wall",
					"-Wextra",
					"-Wpedantic",
				);
				OTHER_LDFLAGS = (
					"$(inherited)",
					"-all_load",
				);
				PRECOMPS_INCLUDE_HEADERS_FROM_BUILT_PRODUCTS_DIR = NO;
				PRODUCT_BUNDLE_IDENTIFIER = "org.mediasoup.ios.mediasoup-client-ios";
				PRODUCT_NAME = "$(TARGET_NAME:c99extidentifier)";
				SKIP_INSTALL = YES;
				SUPPORTS_MACCATALYST = NO;
				SWIFT_INCLUDE_PATHS = "${SRCROOT}/mediasoup-client-ios/**";
				SWIFT_OBJC_BRIDGING_HEADER = "";
				SWIFT_OPTIMIZATION_LEVEL = "-Onone";
				SWIFT_VERSION = 5.0;
				TARGETED_DEVICE_FAMILY = "1,2";
				USER_HEADER_SEARCH_PATHS = "";
				VALID_ARCHS = "$(ARCHS_STANDARD_64_BIT)";
			};
			name = Debug;
		};
		35E2E4862385284800E315FD /* Release */ = {
			isa = XCBuildConfiguration;
			buildSettings = {
				ALTERNATE_OWNER = denvirethan;
				CLANG_ALLOW_NON_MODULAR_INCLUDES_IN_FRAMEWORK_MODULES = YES;
				CLANG_CXX_LANGUAGE_STANDARD = "c++14";
				CLANG_CXX_LIBRARY = "libc++";
				CLANG_ENABLE_MODULES = YES;
				CLANG_ENABLE_OBJC_ARC = NO;
				CLANG_MODULES_DISABLE_PRIVATE_WARNING = YES;
				CODE_SIGN_STYLE = Automatic;
				DEAD_CODE_STRIPPING = YES;
				DEFINES_MODULE = YES;
				DEVELOPMENT_ASSET_PATHS = "";
				DEVELOPMENT_TEAM = 2G8EYG6ATY;
				DYLIB_COMPATIBILITY_VERSION = 1;
				DYLIB_CURRENT_VERSION = 1;
				DYLIB_INSTALL_NAME_BASE = "@rpath";
				ENABLE_BITCODE = NO;
				FRAMEWORK_SEARCH_PATHS = (
					"$(SRCROOT)/mediasoup-client-ios/dependencies/webrtc/src/out_ios_libs",
					"$(BUILT_PRODUCTS_DIR)/mediasoup_client_ios.framework/Frameworks/",
					"$(PROJECT_DIR)/mediasoup-client-ios/dependencies/webrtc/src/out_ios_libs",
				);
				GCC_C_LANGUAGE_STANDARD = gnu11;
				GCC_SYMBOLS_PRIVATE_EXTERN = NO;
				GCC_WARN_INHIBIT_ALL_WARNINGS = YES;
				GCC_WARN_UNINITIALIZED_AUTOS = NO;
				GCC_WARN_UNUSED_VALUE = NO;
				GCC_WARN_UNUSED_VARIABLE = NO;
				HEADER_SEARCH_PATHS = (
					"${SRCROOT}/mediasoup-client-ios/dependencies/libmediasoupclient/include",
					"${SRCROOT}/mediasoup-client-ios/dependencies/webrtc/src",
					"${SRCROOT}/mediasoup-client-ios/dependencies/webrtc/src/third_party/abseil-cpp",
					"${SRCROOT}/mediasoup-client-ios/dependencies",
					"${SRCROOT}/mediasoup-client-ios/dependencies/libmediasoupclient/deps/libsdptransform/include/",
					"${SRCROOT}/mediasoup-client-ios/include/**",
				);
				INFOPLIST_FILE = "mediasoup-client-ios/Info.plist";
				INSTALL_OWNER = denvirethan;
				INSTALL_PATH = "$(LOCAL_LIBRARY_DIR)/Frameworks";
				IPHONEOS_DEPLOYMENT_TARGET = 9.0;
				LD_RUNPATH_SEARCH_PATHS = (
					"$(inherited)",
					"@executable_path/Frameworks",
					"@loader_path/Frameworks",
					"$(SRCROOT)/mediasoup-client-ios/dependencies/webrtc/src/out_ios_libs",
					"$(BUILT_PRODUCTS_DIR)/mediasoup_client_ios.framework/Frameworks",
				);
				LIBRARY_SEARCH_PATHS = (
					"$(inherited)",
					"$(PROJECT_DIR)/mediasoup-client-ios/dependencies/webrtc/src/out_ios_libs/universal",
					"$(PROJECT_DIR)/mediasoup-client-ios/dependencies/libmediasoupclient/lib",
				);
				ONLY_ACTIVE_ARCH = NO;
				OTHER_CPLUSPLUSFLAGS = (
					"$(OTHER_CFLAGS)",
					"-stdlib=libc++",
					"-Wall",
					"-Wextra",
					"-Wpedantic",
				);
				OTHER_LDFLAGS = (
					"$(inherited)",
					"-all_load",
				);
				PRECOMPS_INCLUDE_HEADERS_FROM_BUILT_PRODUCTS_DIR = NO;
				PRODUCT_BUNDLE_IDENTIFIER = "org.mediasoup.ios.mediasoup-client-ios";
				PRODUCT_NAME = "$(TARGET_NAME:c99extidentifier)";
				SKIP_INSTALL = YES;
				SUPPORTS_MACCATALYST = NO;
				SWIFT_INCLUDE_PATHS = "${SRCROOT}/mediasoup-client-ios/**";
				SWIFT_OBJC_BRIDGING_HEADER = "";
				SWIFT_VERSION = 5.0;
				TARGETED_DEVICE_FAMILY = "1,2";
				USER_HEADER_SEARCH_PATHS = "";
				VALID_ARCHS = "$(ARCHS_STANDARD_64_BIT)";
			};
			name = Release;
		};
/* End XCBuildConfiguration section */

/* Begin XCConfigurationList section */
		35D17224238CF9BE00FAF301 /* Build configuration list for PBXNativeTarget "mediasoup-client-iosTests" */ = {
			isa = XCConfigurationList;
			buildConfigurations = (
				35D17225238CF9BE00FAF301 /* Debug */,
				35D17226238CF9BE00FAF301 /* Release */,
			);
			defaultConfigurationIsVisible = 0;
			defaultConfigurationName = Release;
		};
		35E2E4762385284700E315FD /* Build configuration list for PBXProject "mediasoup-client-ios" */ = {
			isa = XCConfigurationList;
			buildConfigurations = (
				35E2E4822385284800E315FD /* Debug */,
				35E2E4832385284800E315FD /* Release */,
			);
			defaultConfigurationIsVisible = 0;
			defaultConfigurationName = Release;
		};
		35E2E4842385284800E315FD /* Build configuration list for PBXNativeTarget "mediasoup-client-ios" */ = {
			isa = XCConfigurationList;
			buildConfigurations = (
				35E2E4852385284800E315FD /* Debug */,
				35E2E4862385284800E315FD /* Release */,
			);
			defaultConfigurationIsVisible = 0;
			defaultConfigurationName = Release;
		};
/* End XCConfigurationList section */
	};
	rootObject = 35E2E4732385284700E315FD /* Project object */;
}
