// !$*UTF8*$!
{
	archiveVersion = 1;
	classes = {
	};
	objectVersion = 50;
	objects = {

/* Begin PBXBuildFile section */
		353BD12E2387E6FE00A8734C /* DeviceWrapper.mm in Sources */ = {isa = PBXBuildFile; fileRef = 353BD12D2387E6FE00A8734C /* DeviceWrapper.mm */; };
		35406E2D238FCA07004F4523 /* MediasoupClient.mm in Sources */ = {isa = PBXBuildFile; fileRef = 35406E2C238FCA07004F4523 /* MediasoupClient.mm */; };
		35406E37238FCBD3004F4523 /* MediasoupClient.hpp in Headers */ = {isa = PBXBuildFile; fileRef = 35406E2B238FC979004F4523 /* MediasoupClient.hpp */; settings = {ATTRIBUTES = (Public, ); }; };
		3544B7E7238E604A00A6AA17 /* WebRTC.framework in Frameworks */ = {isa = PBXBuildFile; fileRef = 3544B7E6238E604A00A6AA17 /* WebRTC.framework */; };
		3544B7E8238E604A00A6AA17 /* WebRTC.framework in Embed Frameworks */ = {isa = PBXBuildFile; fileRef = 3544B7E6238E604A00A6AA17 /* WebRTC.framework */; settings = {ATTRIBUTES = (RemoveHeadersOnCopy, ); }; };
		355C612A2387702600986297 /* ConsumerWrapper.mm in Sources */ = {isa = PBXBuildFile; fileRef = 355C61292387702600986297 /* ConsumerWrapper.mm */; };
		355C613323877F2B00986297 /* ProducerWrapper.mm in Sources */ = {isa = PBXBuildFile; fileRef = 355C613223877F2B00986297 /* ProducerWrapper.mm */; };
		355C61372387995200986297 /* TransportWrapper.mm in Sources */ = {isa = PBXBuildFile; fileRef = 355C61362387995200986297 /* TransportWrapper.mm */; };
		35C66C3F238E670C003C2E1E /* libmediasoupclient.a in Frameworks */ = {isa = PBXBuildFile; fileRef = 35C66C3E238E6701003C2E1E /* libmediasoupclient.a */; };
		35C66C41238E6722003C2E1E /* libsdptransform.a in Frameworks */ = {isa = PBXBuildFile; fileRef = 35C66C40238E6717003C2E1E /* libsdptransform.a */; };
		35C66C47238E7F21003C2E1E /* libwebrtc.a in Frameworks */ = {isa = PBXBuildFile; fileRef = 35C66C46238E7F21003C2E1E /* libwebrtc.a */; };
		35D1721F238CF9BE00FAF301 /* ProjectTests.m in Sources */ = {isa = PBXBuildFile; fileRef = 35D1721E238CF9BE00FAF301 /* ProjectTests.m */; };
		35D17221238CF9BE00FAF301 /* mediasoup_client_ios.framework in Frameworks */ = {isa = PBXBuildFile; fileRef = 35E2E47C2385284800E315FD /* mediasoup_client_ios.framework */; };
		35D1722B238CFB4B00FAF301 /* UIKit.framework in Frameworks */ = {isa = PBXBuildFile; fileRef = 353BD1292387E23500A8734C /* UIKit.framework */; };
		35D1722C238CFB4B00FAF301 /* UIKit.framework in Embed Frameworks */ = {isa = PBXBuildFile; fileRef = 353BD1292387E23500A8734C /* UIKit.framework */; settings = {ATTRIBUTES = (RemoveHeadersOnCopy, ); }; };
		35D1722D238CFB5000FAF301 /* CoreAudio.framework in Frameworks */ = {isa = PBXBuildFile; fileRef = 355C61382387D96300986297 /* CoreAudio.framework */; };
		35D1722E238CFB5000FAF301 /* CoreAudio.framework in Embed Frameworks */ = {isa = PBXBuildFile; fileRef = 355C61382387D96300986297 /* CoreAudio.framework */; settings = {ATTRIBUTES = (RemoveHeadersOnCopy, ); }; };
		35D1722F238CFB5100FAF301 /* AVFoundation.framework in Frameworks */ = {isa = PBXBuildFile; fileRef = 355C61442387DA7B00986297 /* AVFoundation.framework */; };
		35D17230238CFB5100FAF301 /* AVFoundation.framework in Embed Frameworks */ = {isa = PBXBuildFile; fileRef = 355C61442387DA7B00986297 /* AVFoundation.framework */; settings = {ATTRIBUTES = (RemoveHeadersOnCopy, ); }; };
		35D17231238CFB5300FAF301 /* AudioToolbox.framework in Frameworks */ = {isa = PBXBuildFile; fileRef = 355C613C2387D97100986297 /* AudioToolbox.framework */; };
		35D17232238CFB5300FAF301 /* AudioToolbox.framework in Embed Frameworks */ = {isa = PBXBuildFile; fileRef = 355C613C2387D97100986297 /* AudioToolbox.framework */; settings = {ATTRIBUTES = (RemoveHeadersOnCopy, ); }; };
		35D17234238CFBFD00FAF301 /* DeviceWrapperTests.m in Sources */ = {isa = PBXBuildFile; fileRef = 35D17233238CFBFD00FAF301 /* DeviceWrapperTests.m */; };
		35D762DD238CBA2C0033D7AD /* Consumer.h in Headers */ = {isa = PBXBuildFile; fileRef = 35FB248B238BA8920092EBCB /* Consumer.h */; settings = {ATTRIBUTES = (Public, ); }; };
		35D762DE238CBA2E0033D7AD /* Device.h in Headers */ = {isa = PBXBuildFile; fileRef = 35FB248C238BA8C00092EBCB /* Device.h */; settings = {ATTRIBUTES = (Public, ); }; };
		35FB2484238B81C70092EBCB /* SendTransportWrapper.mm in Sources */ = {isa = PBXBuildFile; fileRef = 35FB2483238B81C70092EBCB /* SendTransportWrapper.mm */; };
		35FB2488238B9E400092EBCB /* Producer.h in Headers */ = {isa = PBXBuildFile; fileRef = 35FB2487238B870E0092EBCB /* Producer.h */; settings = {ATTRIBUTES = (Public, ); }; };
		35FB2489238B9E470092EBCB /* Transport.h in Headers */ = {isa = PBXBuildFile; fileRef = 35FB2486238B823F0092EBCB /* Transport.h */; settings = {ATTRIBUTES = (Public, ); }; };
		35FB248E238BA98A0092EBCB /* RecvTransport.mm in Sources */ = {isa = PBXBuildFile; fileRef = 35FB248D238BA98A0092EBCB /* RecvTransport.mm */; };
/* End PBXBuildFile section */

/* Begin PBXContainerItemProxy section */
		35D17222238CF9BE00FAF301 /* PBXContainerItemProxy */ = {
			isa = PBXContainerItemProxy;
			containerPortal = 35E2E4732385284700E315FD /* Project object */;
			proxyType = 1;
			remoteGlobalIDString = 35E2E47B2385284800E315FD;
			remoteInfo = Project;
		};
/* End PBXContainerItemProxy section */

/* Begin PBXCopyFilesBuildPhase section */
		35D1722A238CFB4700FAF301 /* Embed Frameworks */ = {
			isa = PBXCopyFilesBuildPhase;
			buildActionMask = 2147483647;
			dstPath = "";
			dstSubfolderSpec = 10;
			files = (
				35D17230238CFB5100FAF301 /* AVFoundation.framework in Embed Frameworks */,
				35D1722E238CFB5000FAF301 /* CoreAudio.framework in Embed Frameworks */,
				35D17232238CFB5300FAF301 /* AudioToolbox.framework in Embed Frameworks */,
				3544B7E8238E604A00A6AA17 /* WebRTC.framework in Embed Frameworks */,
				35D1722C238CFB4B00FAF301 /* UIKit.framework in Embed Frameworks */,
			);
			name = "Embed Frameworks";
			runOnlyForDeploymentPostprocessing = 0;
		};
/* End PBXCopyFilesBuildPhase section */

/* Begin PBXFileReference section */
		353BD1292387E23500A8734C /* UIKit.framework */ = {isa = PBXFileReference; lastKnownFileType = wrapper.framework; name = UIKit.framework; path = System/Library/Frameworks/UIKit.framework; sourceTree = SDKROOT; };
		353BD12D2387E6FE00A8734C /* DeviceWrapper.mm */ = {isa = PBXFileReference; lastKnownFileType = sourcecode.cpp.objcpp; path = DeviceWrapper.mm; sourceTree = "<group>"; };
		35406E2B238FC979004F4523 /* MediasoupClient.hpp */ = {isa = PBXFileReference; lastKnownFileType = sourcecode.cpp.h; path = MediasoupClient.hpp; sourceTree = "<group>"; };
		35406E2C238FCA07004F4523 /* MediasoupClient.mm */ = {isa = PBXFileReference; lastKnownFileType = sourcecode.cpp.objcpp; path = MediasoupClient.mm; sourceTree = "<group>"; };
		3544B7E6238E604A00A6AA17 /* WebRTC.framework */ = {isa = PBXFileReference; lastKnownFileType = wrapper.framework; name = WebRTC.framework; path = "mediasoup-client-ios/dependencies/webrtc/src/out_ios_libs/WebRTC.framework"; sourceTree = "<group>"; };
		355C61292387702600986297 /* ConsumerWrapper.mm */ = {isa = PBXFileReference; lastKnownFileType = sourcecode.cpp.objcpp; path = ConsumerWrapper.mm; sourceTree = "<group>"; };
		355C613223877F2B00986297 /* ProducerWrapper.mm */ = {isa = PBXFileReference; lastKnownFileType = sourcecode.cpp.objcpp; path = ProducerWrapper.mm; sourceTree = "<group>"; };
		355C61362387995200986297 /* TransportWrapper.mm */ = {isa = PBXFileReference; lastKnownFileType = sourcecode.cpp.objcpp; path = TransportWrapper.mm; sourceTree = "<group>"; };
		355C61382387D96300986297 /* CoreAudio.framework */ = {isa = PBXFileReference; lastKnownFileType = wrapper.framework; name = CoreAudio.framework; path = System/Library/Frameworks/CoreAudio.framework; sourceTree = SDKROOT; };
		355C613A2387D96A00986297 /* AudioUnit.framework */ = {isa = PBXFileReference; lastKnownFileType = wrapper.framework; name = AudioUnit.framework; path = System/Library/Frameworks/AudioUnit.framework; sourceTree = SDKROOT; };
		355C613C2387D97100986297 /* AudioToolbox.framework */ = {isa = PBXFileReference; lastKnownFileType = wrapper.framework; name = AudioToolbox.framework; path = System/Library/Frameworks/AudioToolbox.framework; sourceTree = SDKROOT; };
		355C613F2387D9C100986297 /* CoreAudioTypes.framework */ = {isa = PBXFileReference; lastKnownFileType = wrapper.framework; name = CoreAudioTypes.framework; path = System/Library/Frameworks/CoreAudioTypes.framework; sourceTree = SDKROOT; };
		355C61422387DA6100986297 /* AVKit.framework */ = {isa = PBXFileReference; lastKnownFileType = wrapper.framework; name = AVKit.framework; path = System/Library/Frameworks/AVKit.framework; sourceTree = SDKROOT; };
		355C61442387DA7B00986297 /* AVFoundation.framework */ = {isa = PBXFileReference; lastKnownFileType = wrapper.framework; name = AVFoundation.framework; path = System/Library/Frameworks/AVFoundation.framework; sourceTree = SDKROOT; };
		355D2358238D15C700965753 /* dependencies */ = {isa = PBXFileReference; lastKnownFileType = folder; name = dependencies; path = "mediasoup-client-ios/dependencies"; sourceTree = "<group>"; };
		35C66C3E238E6701003C2E1E /* libmediasoupclient.a */ = {isa = PBXFileReference; lastKnownFileType = archive.ar; name = libmediasoupclient.a; path = "mediasoup-client-ios/dependencies/libmediasoupclient/lib/libmediasoupclient.a"; sourceTree = "<group>"; };
		35C66C40238E6717003C2E1E /* libsdptransform.a */ = {isa = PBXFileReference; lastKnownFileType = archive.ar; name = libsdptransform.a; path = "mediasoup-client-ios/dependencies/libmediasoupclient/lib/libsdptransform.a"; sourceTree = "<group>"; };
		35C66C46238E7F21003C2E1E /* libwebrtc.a */ = {isa = PBXFileReference; lastKnownFileType = archive.ar; name = libwebrtc.a; path = "mediasoup-client-ios/dependencies/webrtc/src/out_ios_libs/universal/libwebrtc.a"; sourceTree = "<group>"; };
		35D171EE238CD51C00FAF301 /* AVFoundation.framework */ = {isa = PBXFileReference; lastKnownFileType = wrapper.framework; name = AVFoundation.framework; path = Platforms/MacOSX.platform/Developer/SDKs/MacOSX10.15.sdk/System/Library/Frameworks/AVFoundation.framework; sourceTree = DEVELOPER_DIR; };
		35D1721C238CF9BB00FAF301 /* mediasoup-client-iosTests.xctest */ = {isa = PBXFileReference; explicitFileType = wrapper.cfbundle; includeInIndex = 0; path = "mediasoup-client-iosTests.xctest"; sourceTree = BUILT_PRODUCTS_DIR; };
		35D1721E238CF9BE00FAF301 /* ProjectTests.m */ = {isa = PBXFileReference; lastKnownFileType = sourcecode.c.objc; path = ProjectTests.m; sourceTree = "<group>"; };
		35D17220238CF9BE00FAF301 /* Info.plist */ = {isa = PBXFileReference; lastKnownFileType = text.plist.xml; path = Info.plist; sourceTree = "<group>"; };
		35D17233238CFBFD00FAF301 /* DeviceWrapperTests.m */ = {isa = PBXFileReference; lastKnownFileType = sourcecode.c.objc; path = DeviceWrapperTests.m; sourceTree = "<group>"; };
		35E2E47C2385284800E315FD /* mediasoup_client_ios.framework */ = {isa = PBXFileReference; explicitFileType = wrapper.framework; includeInIndex = 0; path = mediasoup_client_ios.framework; sourceTree = BUILT_PRODUCTS_DIR; };
		35E2E4802385284800E315FD /* Info.plist */ = {isa = PBXFileReference; lastKnownFileType = text.plist.xml; path = Info.plist; sourceTree = "<group>"; };
		35FB2483238B81C70092EBCB /* SendTransportWrapper.mm */ = {isa = PBXFileReference; lastKnownFileType = sourcecode.cpp.objcpp; path = SendTransportWrapper.mm; sourceTree = "<group>"; };
		35FB2486238B823F0092EBCB /* Transport.h */ = {isa = PBXFileReference; lastKnownFileType = sourcecode.c.h; path = Transport.h; sourceTree = "<group>"; };
		35FB2487238B870E0092EBCB /* Producer.h */ = {isa = PBXFileReference; lastKnownFileType = sourcecode.c.h; path = Producer.h; sourceTree = "<group>"; };
		35FB248B238BA8920092EBCB /* Consumer.h */ = {isa = PBXFileReference; lastKnownFileType = sourcecode.c.h; path = Consumer.h; sourceTree = "<group>"; };
		35FB248C238BA8C00092EBCB /* Device.h */ = {isa = PBXFileReference; lastKnownFileType = sourcecode.c.h; path = Device.h; sourceTree = "<group>"; };
		35FB248D238BA98A0092EBCB /* RecvTransport.mm */ = {isa = PBXFileReference; lastKnownFileType = sourcecode.cpp.objcpp; path = RecvTransport.mm; sourceTree = "<group>"; };
/* End PBXFileReference section */

/* Begin PBXFrameworksBuildPhase section */
		35D17219238CF9BB00FAF301 /* Frameworks */ = {
			isa = PBXFrameworksBuildPhase;
			buildActionMask = 2147483647;
			files = (
				35D17221238CF9BE00FAF301 /* mediasoup_client_ios.framework in Frameworks */,
			);
			runOnlyForDeploymentPostprocessing = 0;
		};
		35E2E4792385284800E315FD /* Frameworks */ = {
			isa = PBXFrameworksBuildPhase;
			buildActionMask = 2147483647;
			files = (
				35C66C47238E7F21003C2E1E /* libwebrtc.a in Frameworks */,
				3544B7E7238E604A00A6AA17 /* WebRTC.framework in Frameworks */,
				35C66C41238E6722003C2E1E /* libsdptransform.a in Frameworks */,
				35D1722F238CFB5100FAF301 /* AVFoundation.framework in Frameworks */,
				35D1722B238CFB4B00FAF301 /* UIKit.framework in Frameworks */,
				35C66C3F238E670C003C2E1E /* libmediasoupclient.a in Frameworks */,
				35D17231238CFB5300FAF301 /* AudioToolbox.framework in Frameworks */,
				35D1722D238CFB5000FAF301 /* CoreAudio.framework in Frameworks */,
			);
			runOnlyForDeploymentPostprocessing = 0;
		};
/* End PBXFrameworksBuildPhase section */

/* Begin PBXGroup section */
		355C612D23877D9C00986297 /* C++Wrapper */ = {
			isa = PBXGroup;
			children = (
				35FB2485238B82200092EBCB /* include */,
				355C61292387702600986297 /* ConsumerWrapper.mm */,
				355C613223877F2B00986297 /* ProducerWrapper.mm */,
				355C61362387995200986297 /* TransportWrapper.mm */,
				353BD12D2387E6FE00A8734C /* DeviceWrapper.mm */,
				35FB2483238B81C70092EBCB /* SendTransportWrapper.mm */,
				35FB248D238BA98A0092EBCB /* RecvTransport.mm */,
			);
			path = "C++Wrapper";
			sourceTree = "<group>";
		};
		35D1721D238CF9BB00FAF301 /* mediasoup-client-ios-tests */ = {
			isa = PBXGroup;
			children = (
				35D1721E238CF9BE00FAF301 /* ProjectTests.m */,
				35D17220238CF9BE00FAF301 /* Info.plist */,
				35D17233238CFBFD00FAF301 /* DeviceWrapperTests.m */,
			);
			path = "mediasoup-client-ios-tests";
			sourceTree = "<group>";
		};
		35E2E4722385284700E315FD = {
			isa = PBXGroup;
			children = (
				355D2358238D15C700965753 /* dependencies */,
				35E2E47E2385284800E315FD /* mediasoup-client-ios */,
				35D1721D238CF9BB00FAF301 /* mediasoup-client-ios-tests */,
				35E2E47D2385284800E315FD /* Products */,
				35E2E4892385289700E315FD /* Frameworks */,
			);
			sourceTree = "<group>";
		};
		35E2E47D2385284800E315FD /* Products */ = {
			isa = PBXGroup;
			children = (
				35E2E47C2385284800E315FD /* mediasoup_client_ios.framework */,
				35D1721C238CF9BB00FAF301 /* mediasoup-client-iosTests.xctest */,
			);
			name = Products;
			sourceTree = "<group>";
		};
		35E2E47E2385284800E315FD /* mediasoup-client-ios */ = {
			isa = PBXGroup;
			children = (
				355C612D23877D9C00986297 /* C++Wrapper */,
				35E2E4802385284800E315FD /* Info.plist */,
				35406E2B238FC979004F4523 /* MediasoupClient.hpp */,
				35406E2C238FCA07004F4523 /* MediasoupClient.mm */,
			);
			path = "mediasoup-client-ios";
			sourceTree = "<group>";
		};
		35E2E4892385289700E315FD /* Frameworks */ = {
			isa = PBXGroup;
			children = (
				35C66C46238E7F21003C2E1E /* libwebrtc.a */,
				35C66C40238E6717003C2E1E /* libsdptransform.a */,
				35C66C3E238E6701003C2E1E /* libmediasoupclient.a */,
				3544B7E6238E604A00A6AA17 /* WebRTC.framework */,
				35D171EE238CD51C00FAF301 /* AVFoundation.framework */,
				353BD1292387E23500A8734C /* UIKit.framework */,
				355C61442387DA7B00986297 /* AVFoundation.framework */,
				355C61422387DA6100986297 /* AVKit.framework */,
				355C613F2387D9C100986297 /* CoreAudioTypes.framework */,
				355C613C2387D97100986297 /* AudioToolbox.framework */,
				355C613A2387D96A00986297 /* AudioUnit.framework */,
				355C61382387D96300986297 /* CoreAudio.framework */,
			);
			name = Frameworks;
			sourceTree = "<group>";
		};
		35FB2485238B82200092EBCB /* include */ = {
			isa = PBXGroup;
			children = (
				35FB2486238B823F0092EBCB /* Transport.h */,
				35FB2487238B870E0092EBCB /* Producer.h */,
				35FB248B238BA8920092EBCB /* Consumer.h */,
				35FB248C238BA8C00092EBCB /* Device.h */,
			);
			path = include;
			sourceTree = "<group>";
		};
/* End PBXGroup section */

/* Begin PBXHeadersBuildPhase section */
		35E2E4772385284800E315FD /* Headers */ = {
			isa = PBXHeadersBuildPhase;
			buildActionMask = 2147483647;
			files = (
				35FB2489238B9E470092EBCB /* Transport.h in Headers */,
				35FB2488238B9E400092EBCB /* Producer.h in Headers */,
				35D762DE238CBA2E0033D7AD /* Device.h in Headers */,
				35D762DD238CBA2C0033D7AD /* Consumer.h in Headers */,
				35406E37238FCBD3004F4523 /* MediasoupClient.hpp in Headers */,
			);
			runOnlyForDeploymentPostprocessing = 0;
		};
/* End PBXHeadersBuildPhase section */

/* Begin PBXNativeTarget section */
		35D1721B238CF9BB00FAF301 /* mediasoup-client-iosTests */ = {
			isa = PBXNativeTarget;
			buildConfigurationList = 35D17224238CF9BE00FAF301 /* Build configuration list for PBXNativeTarget "mediasoup-client-iosTests" */;
			buildPhases = (
				35D17218238CF9BB00FAF301 /* Sources */,
				35D17219238CF9BB00FAF301 /* Frameworks */,
				35D1721A238CF9BB00FAF301 /* Resources */,
			);
			buildRules = (
			);
			dependencies = (
				35D17223238CF9BE00FAF301 /* PBXTargetDependency */,
			);
			name = "mediasoup-client-iosTests";
			productName = ProjectTests;
			productReference = 35D1721C238CF9BB00FAF301 /* mediasoup-client-iosTests.xctest */;
			productType = "com.apple.product-type.bundle.unit-test";
		};
		35E2E47B2385284800E315FD /* mediasoup-client-ios */ = {
			isa = PBXNativeTarget;
			buildConfigurationList = 35E2E4842385284800E315FD /* Build configuration list for PBXNativeTarget "mediasoup-client-ios" */;
			buildPhases = (
				35A708F3238FABC900BD3716 /* ShellScript */,
				35E2E4772385284800E315FD /* Headers */,
				35E2E4782385284800E315FD /* Sources */,
				35E2E4792385284800E315FD /* Frameworks */,
				35E2E47A2385284800E315FD /* Resources */,
				35D1722A238CFB4700FAF301 /* Embed Frameworks */,
			);
			buildRules = (
			);
			dependencies = (
			);
			name = "mediasoup-client-ios";
			productName = Project;
			productReference = 35E2E47C2385284800E315FD /* mediasoup_client_ios.framework */;
			productType = "com.apple.product-type.framework";
		};
/* End PBXNativeTarget section */

/* Begin PBXProject section */
		35E2E4732385284700E315FD /* Project object */ = {
			isa = PBXProject;
			attributes = {
				LastUpgradeCheck = 1120;
				ORGANIZATIONNAME = "Denvir Ethan";
				TargetAttributes = {
					35D1721B238CF9BB00FAF301 = {
						CreatedOnToolsVersion = 11.2.1;
					};
					35E2E47B2385284800E315FD = {
						CreatedOnToolsVersion = 11.2.1;
						LastSwiftMigration = 1120;
					};
				};
			};
			buildConfigurationList = 35E2E4762385284700E315FD /* Build configuration list for PBXProject "mediasoup-client-ios" */;
			compatibilityVersion = "Xcode 9.3";
			developmentRegion = en;
			hasScannedForEncodings = 0;
			knownRegions = (
				en,
				Base,
			);
			mainGroup = 35E2E4722385284700E315FD;
			productRefGroup = 35E2E47D2385284800E315FD /* Products */;
			projectDirPath = "";
			projectRoot = "";
			targets = (
				35E2E47B2385284800E315FD /* mediasoup-client-ios */,
				35D1721B238CF9BB00FAF301 /* mediasoup-client-iosTests */,
			);
		};
/* End PBXProject section */

/* Begin PBXResourcesBuildPhase section */
		35D1721A238CF9BB00FAF301 /* Resources */ = {
			isa = PBXResourcesBuildPhase;
			buildActionMask = 2147483647;
			files = (
			);
			runOnlyForDeploymentPostprocessing = 0;
		};
		35E2E47A2385284800E315FD /* Resources */ = {
			isa = PBXResourcesBuildPhase;
			buildActionMask = 2147483647;
			files = (
			);
			runOnlyForDeploymentPostprocessing = 0;
		};
/* End PBXResourcesBuildPhase section */

/* Begin PBXShellScriptBuildPhase section */
		35A708F3238FABC900BD3716 /* ShellScript */ = {
			isa = PBXShellScriptBuildPhase;
			buildActionMask = 2147483647;
			files = (
			);
			inputFileListPaths = (
			);
			inputPaths = (
			);
			outputFileListPaths = (
			);
			outputPaths = (
			);
			runOnlyForDeploymentPostprocessing = 0;
			shellPath = /bin/sh;
			shellScript = "# Script to copy mediasoup/webrtc header files to project\ncd \"${SRCROOT}/mediasoup-client-ios/dependencies/libmediasoupclient/include\"\n\necho \"Copying mediasoup header files to the Framework\"\n# Copy mediasoup headers to framework\nfor header in `find . -name \"*.hpp\" -o -name \"*.h\"`; do\n    echo \"copying ${header} to ${BUILT_PROJECTS_DIR}/${PUBLIC_HEADERS_FOLDER_PATH}/${header}\"\n    ditto \"${header}\" \"${BUILT_PRODUCTS_DIR}/${PUBLIC_HEADERS_FOLDER_PATH}/${header}\"\ndone\n\ncd \"${SRCROOT}/mediasoup-client-ios/dependencies/webrtc/src/\"\n\necho \"Copying webrtc header files to the framework\"\n# Copy webrtc api to the framework\nfor header in `find ./api -name \"*.hpp\" -o -name \"*.h\"`; do\n    echo \"copying ${header} to ${BUILT_PROJECTS_DIR}/${PUBLIC_HEADERS_FOLDER_PATH}/${header}\"\n    ditto \"${header}\" \"${BUILT_PRODUCTS_DIR}/${PUBLIC_HEADERS_FOLDER_PATH}/${header}\"\ndone\n\n# Copy webrtc third_party abseil-cpp\necho \"Copying webrtc third party header files\"\ncd \"${SRCROOT}/mediasoup-client-ios/dependencies/webrtc/src/third_party/abseil-cpp\"\n\nfor header in `find . -name \"*.hpp\" -o -name \"*.h\"`; do\n    echo \"copying ${header} to ${BUILT_PROJECTS_DIR}/${PUBLIC_HEADERS_FOLDER_PATH}/${header}\"\n    ditto \"${header}\" \"${BUILT_PRODUCTS_DIR}/${PUBLIC_HEADERS_FOLDER_PATH}/${header}\"\ndone\n";
		};
/* End PBXShellScriptBuildPhase section */

/* Begin PBXSourcesBuildPhase section */
		35D17218238CF9BB00FAF301 /* Sources */ = {
			isa = PBXSourcesBuildPhase;
			buildActionMask = 2147483647;
			files = (
				35D1721F238CF9BE00FAF301 /* ProjectTests.m in Sources */,
				35D17234238CFBFD00FAF301 /* DeviceWrapperTests.m in Sources */,
			);
			runOnlyForDeploymentPostprocessing = 0;
		};
		35E2E4782385284800E315FD /* Sources */ = {
			isa = PBXSourcesBuildPhase;
			buildActionMask = 2147483647;
			files = (
				355C612A2387702600986297 /* ConsumerWrapper.mm in Sources */,
				35406E2D238FCA07004F4523 /* MediasoupClient.mm in Sources */,
				35FB248E238BA98A0092EBCB /* RecvTransport.mm in Sources */,
				353BD12E2387E6FE00A8734C /* DeviceWrapper.mm in Sources */,
				355C61372387995200986297 /* TransportWrapper.mm in Sources */,
				355C613323877F2B00986297 /* ProducerWrapper.mm in Sources */,
				35FB2484238B81C70092EBCB /* SendTransportWrapper.mm in Sources */,
			);
			runOnlyForDeploymentPostprocessing = 0;
		};
/* End PBXSourcesBuildPhase section */

/* Begin PBXTargetDependency section */
		35D17223238CF9BE00FAF301 /* PBXTargetDependency */ = {
			isa = PBXTargetDependency;
			target = 35E2E47B2385284800E315FD /* mediasoup-client-ios */;
			targetProxy = 35D17222238CF9BE00FAF301 /* PBXContainerItemProxy */;
		};
/* End PBXTargetDependency section */

/* Begin XCBuildConfiguration section */
		35D17225238CF9BE00FAF301 /* Debug */ = {
			isa = XCBuildConfiguration;
			buildSettings = {
				CLANG_CXX_LANGUAGE_STANDARD = "c++14";
				CLANG_CXX_LIBRARY = "libc++";
				CODE_SIGN_STYLE = Automatic;
				DEVELOPMENT_TEAM = 26J9966VY9;
				HEADER_SEARCH_PATHS = "${SRCROOT}/mediasoup-client-ios/dependencies/libmediasoupclient/include/**";
				INFOPLIST_FILE = "mediasoup-client-ios-tests/Info.plist";
				IPHONEOS_DEPLOYMENT_TARGET = 13.2;
				LD_RUNPATH_SEARCH_PATHS = (
					"$(inherited)",
					"@executable_path/Frameworks",
					"@loader_path/Frameworks",
				);
				LIBRARY_SEARCH_PATHS = "${SRCROOT}/mediasoup-client-ios/dependencies/**";
				ONLY_ACTIVE_ARCH = YES;
				PRODUCT_BUNDLE_IDENTIFIER = "org.mediasoup.ios.mediasoup-client-tests";
				PRODUCT_NAME = "$(TARGET_NAME)";
				TARGETED_DEVICE_FAMILY = "1,2";
			};
			name = Debug;
		};
		35D17226238CF9BE00FAF301 /* Release */ = {
			isa = XCBuildConfiguration;
			buildSettings = {
				CLANG_CXX_LANGUAGE_STANDARD = "c++14";
				CLANG_CXX_LIBRARY = "libc++";
				CODE_SIGN_STYLE = Automatic;
				DEVELOPMENT_TEAM = 26J9966VY9;
				HEADER_SEARCH_PATHS = "${SRCROOT}/mediasoup-client-ios/dependencies/libmediasoupclient/include/**";
				INFOPLIST_FILE = "mediasoup-client-ios-tests/Info.plist";
				IPHONEOS_DEPLOYMENT_TARGET = 13.2;
				LD_RUNPATH_SEARCH_PATHS = (
					"$(inherited)",
					"@executable_path/Frameworks",
					"@loader_path/Frameworks",
				);
				LIBRARY_SEARCH_PATHS = "${SRCROOT}/mediasoup-client-ios/dependencies/**";
				PRODUCT_BUNDLE_IDENTIFIER = "org.mediasoup.ios.mediasoup-client-tests";
				PRODUCT_NAME = "$(TARGET_NAME)";
				TARGETED_DEVICE_FAMILY = "1,2";
			};
			name = Release;
		};
		35E2E4822385284800E315FD /* Debug */ = {
			isa = XCBuildConfiguration;
			buildSettings = {
				ALWAYS_SEARCH_USER_PATHS = NO;
				CLANG_ANALYZER_NONNULL = YES;
				CLANG_ANALYZER_NUMBER_OBJECT_CONVERSION = YES_AGGRESSIVE;
				CLANG_CXX_LANGUAGE_STANDARD = "c++14";
				CLANG_CXX_LIBRARY = "libstdc++";
				CLANG_ENABLE_MODULES = YES;
				CLANG_ENABLE_OBJC_ARC = YES;
				CLANG_ENABLE_OBJC_WEAK = YES;
				CLANG_WARN_BLOCK_CAPTURE_AUTORELEASING = YES;
				CLANG_WARN_BOOL_CONVERSION = YES;
				CLANG_WARN_COMMA = YES;
				CLANG_WARN_CONSTANT_CONVERSION = YES;
				CLANG_WARN_DEPRECATED_OBJC_IMPLEMENTATIONS = YES;
				CLANG_WARN_DIRECT_OBJC_ISA_USAGE = YES_ERROR;
				CLANG_WARN_DOCUMENTATION_COMMENTS = YES;
				CLANG_WARN_EMPTY_BODY = YES;
				CLANG_WARN_ENUM_CONVERSION = YES;
				CLANG_WARN_INFINITE_RECURSION = YES;
				CLANG_WARN_INT_CONVERSION = YES;
				CLANG_WARN_NON_LITERAL_NULL_CONVERSION = YES;
				CLANG_WARN_OBJC_IMPLICIT_RETAIN_SELF = YES;
				CLANG_WARN_OBJC_LITERAL_CONVERSION = YES;
				CLANG_WARN_OBJC_ROOT_CLASS = YES_ERROR;
				CLANG_WARN_RANGE_LOOP_ANALYSIS = YES;
				CLANG_WARN_STRICT_PROTOTYPES = YES;
				CLANG_WARN_SUSPICIOUS_MOVE = YES;
				CLANG_WARN_UNGUARDED_AVAILABILITY = YES_AGGRESSIVE;
				CLANG_WARN_UNREACHABLE_CODE = YES;
				CLANG_WARN__DUPLICATE_METHOD_MATCH = YES;
				COPY_PHASE_STRIP = NO;
				CURRENT_PROJECT_VERSION = 1;
				DEBUG_INFORMATION_FORMAT = dwarf;
				ENABLE_STRICT_OBJC_MSGSEND = YES;
				ENABLE_TESTABILITY = YES;
				GCC_C_LANGUAGE_STANDARD = gnu11;
				GCC_DYNAMIC_NO_PIC = NO;
				GCC_NO_COMMON_BLOCKS = YES;
				GCC_OPTIMIZATION_LEVEL = 0;
				GCC_PREPROCESSOR_DEFINITIONS = (
					"DEBUG=1",
					"$(inherited)",
				);
				GCC_WARN_64_TO_32_BIT_CONVERSION = YES;
				GCC_WARN_ABOUT_RETURN_TYPE = YES_ERROR;
				GCC_WARN_UNDECLARED_SELECTOR = YES;
				GCC_WARN_UNINITIALIZED_AUTOS = YES_AGGRESSIVE;
				GCC_WARN_UNUSED_FUNCTION = YES;
				GCC_WARN_UNUSED_VARIABLE = YES;
				HEADER_SEARCH_PATHS = "$(SRCROOT}/mediasoup-client-ios/dependencies/webrtc/src/third_party/abseil-cpp $(SRCROOT)/mediasoup-client-ios/dependencies/webrtc/src/ ${SRCROOT}/mediasoup-client-ios/dependencies/libmediasoupclient/include";
				IPHONEOS_DEPLOYMENT_TARGET = 9.0;
				LIBRARY_SEARCH_PATHS = "${SRCROOT}/mediasoup-client-ios/dependencies/webrtc/src/out_ios_libs";
				MTL_ENABLE_DEBUG_INFO = INCLUDE_SOURCE;
				MTL_FAST_MATH = YES;
				ONLY_ACTIVE_ARCH = NO;
				OTHER_CPLUSPLUSFLAGS = (
					"$(OTHER_CFLAGS)",
					"-stdlib=libc++",
					"-Wpedantic",
					"-Wextra",
					"-Wall",
				);
				OTHER_LDFLAGS = "$(inherited)";
				SDKROOT = iphoneos;
				SWIFT_ACTIVE_COMPILATION_CONDITIONS = DEBUG;
				SWIFT_OPTIMIZATION_LEVEL = "-Onone";
				USER_HEADER_SEARCH_PATHS = "";
				VALID_ARCHS = "$(ARCHS_STANDARD_64_BIT)";
				VERSIONING_SYSTEM = "apple-generic";
				VERSION_INFO_PREFIX = "";
			};
			name = Debug;
		};
		35E2E4832385284800E315FD /* Release */ = {
			isa = XCBuildConfiguration;
			buildSettings = {
				ALWAYS_SEARCH_USER_PATHS = NO;
				CLANG_ANALYZER_NONNULL = YES;
				CLANG_ANALYZER_NUMBER_OBJECT_CONVERSION = YES_AGGRESSIVE;
				CLANG_CXX_LANGUAGE_STANDARD = "c++14";
				CLANG_CXX_LIBRARY = "libstdc++";
				CLANG_ENABLE_MODULES = YES;
				CLANG_ENABLE_OBJC_ARC = YES;
				CLANG_ENABLE_OBJC_WEAK = YES;
				CLANG_WARN_BLOCK_CAPTURE_AUTORELEASING = YES;
				CLANG_WARN_BOOL_CONVERSION = YES;
				CLANG_WARN_COMMA = YES;
				CLANG_WARN_CONSTANT_CONVERSION = YES;
				CLANG_WARN_DEPRECATED_OBJC_IMPLEMENTATIONS = YES;
				CLANG_WARN_DIRECT_OBJC_ISA_USAGE = YES_ERROR;
				CLANG_WARN_DOCUMENTATION_COMMENTS = YES;
				CLANG_WARN_EMPTY_BODY = YES;
				CLANG_WARN_ENUM_CONVERSION = YES;
				CLANG_WARN_INFINITE_RECURSION = YES;
				CLANG_WARN_INT_CONVERSION = YES;
				CLANG_WARN_NON_LITERAL_NULL_CONVERSION = YES;
				CLANG_WARN_OBJC_IMPLICIT_RETAIN_SELF = YES;
				CLANG_WARN_OBJC_LITERAL_CONVERSION = YES;
				CLANG_WARN_OBJC_ROOT_CLASS = YES_ERROR;
				CLANG_WARN_RANGE_LOOP_ANALYSIS = YES;
				CLANG_WARN_STRICT_PROTOTYPES = YES;
				CLANG_WARN_SUSPICIOUS_MOVE = YES;
				CLANG_WARN_UNGUARDED_AVAILABILITY = YES_AGGRESSIVE;
				CLANG_WARN_UNREACHABLE_CODE = YES;
				CLANG_WARN__DUPLICATE_METHOD_MATCH = YES;
				COPY_PHASE_STRIP = NO;
				CURRENT_PROJECT_VERSION = 1;
				DEBUG_INFORMATION_FORMAT = "dwarf-with-dsym";
				ENABLE_NS_ASSERTIONS = NO;
				ENABLE_STRICT_OBJC_MSGSEND = YES;
				GCC_C_LANGUAGE_STANDARD = gnu11;
				GCC_NO_COMMON_BLOCKS = YES;
				GCC_WARN_64_TO_32_BIT_CONVERSION = YES;
				GCC_WARN_ABOUT_RETURN_TYPE = YES_ERROR;
				GCC_WARN_UNDECLARED_SELECTOR = YES;
				GCC_WARN_UNINITIALIZED_AUTOS = YES_AGGRESSIVE;
				GCC_WARN_UNUSED_FUNCTION = YES;
				GCC_WARN_UNUSED_VARIABLE = YES;
				HEADER_SEARCH_PATHS = "$(SRCROOT}/mediasoup-client-ios/dependencies/webrtc/src/third_party/abseil-cpp $(SRCROOT)/mediasoup-client-ios/dependencies/webrtc/src/ ${SRCROOT}/mediasoup-client-ios/dependencies/libmediasoupclient/include";
				IPHONEOS_DEPLOYMENT_TARGET = 9.0;
				LIBRARY_SEARCH_PATHS = "${SRCROOT}/mediasoup-client-ios/dependencies/webrtc/src/out_ios_libs";
				MTL_ENABLE_DEBUG_INFO = NO;
				MTL_FAST_MATH = YES;
				OTHER_CPLUSPLUSFLAGS = (
					"$(OTHER_CFLAGS)",
					"-stdlib=libc++",
					"-Wpedantic",
					"-Wextra",
					"-Wall",
				);
				OTHER_LDFLAGS = "$(inherited)";
				SDKROOT = iphoneos;
				SWIFT_COMPILATION_MODE = wholemodule;
				SWIFT_OPTIMIZATION_LEVEL = "-O";
				USER_HEADER_SEARCH_PATHS = "";
				VALIDATE_PRODUCT = YES;
				VALID_ARCHS = "$(ARCHS_STANDARD_64_BIT)";
				VERSIONING_SYSTEM = "apple-generic";
				VERSION_INFO_PREFIX = "";
			};
			name = Release;
		};
		35E2E4852385284800E315FD /* Debug */ = {
			isa = XCBuildConfiguration;
			buildSettings = {
				ALTERNATE_OWNER = denvirethan;
				CLANG_ALLOW_NON_MODULAR_INCLUDES_IN_FRAMEWORK_MODULES = YES;
				CLANG_CXX_LANGUAGE_STANDARD = "c++14";
				CLANG_CXX_LIBRARY = "libc++";
				CLANG_MODULES_DISABLE_PRIVATE_WARNING = YES;
				CODE_SIGN_STYLE = Automatic;
				DEFINES_MODULE = YES;
				DEVELOPMENT_ASSET_PATHS = "";
				DEVELOPMENT_TEAM = 2G8EYG6ATY;
				DYLIB_COMPATIBILITY_VERSION = 1;
				DYLIB_CURRENT_VERSION = 1;
				DYLIB_INSTALL_NAME_BASE = "@rpath";
				ENABLE_BITCODE = NO;
				FRAMEWORK_SEARCH_PATHS = "$(SRCROOT)/mediasoup-client-ios/dependencies/webrtc/src/out_ios_libs";
				GCC_C_LANGUAGE_STANDARD = gnu11;
				GCC_WARN_INHIBIT_ALL_WARNINGS = YES;
				GCC_WARN_UNINITIALIZED_AUTOS = NO;
				GCC_WARN_UNUSED_VALUE = NO;
				GCC_WARN_UNUSED_VARIABLE = NO;
				HEADER_SEARCH_PATHS = (
					"${SRCROOT}/mediasoup-client-ios/dependencies/libmediasoupclient/include",
					"${SRCROOT}/mediasoup-client-ios/dependencies/webrtc/src",
					"${SRCROOT}/mediasoup-client-ios/dependencies/webrtc/src/third_party/abseil-cpp",
					"${SRCROOT}/mediasoup-client-ios/dependencies",
				);
				INFOPLIST_FILE = "mediasoup-client-ios/Info.plist";
				INSTALL_OWNER = denvirethan;
				INSTALL_PATH = "$(LOCAL_LIBRARY_DIR)/Frameworks";
				IPHONEOS_DEPLOYMENT_TARGET = 9.0;
				LD_RUNPATH_SEARCH_PATHS = (
					"$(inherited)",
					"@executable_path/Frameworks",
					"@loader_path/Frameworks",
				);
				LIBRARY_SEARCH_PATHS = (
					"$(inherited)",
					"$(PROJECT_DIR)/mediasoup-client-ios/dependencies/webrtc/src/out_ios_libs/universal",
					"$(PROJECT_DIR)/mediasoup-client-ios/dependencies/libmediasoupclient/lib",
				);
				ONLY_ACTIVE_ARCH = YES;
				OTHER_LDFLAGS = "$(inherited)";
				PRECOMPS_INCLUDE_HEADERS_FROM_BUILT_PRODUCTS_DIR = NO;
				PRODUCT_BUNDLE_IDENTIFIER = "org.mediasoup.ios.mediasoup-client-ios";
				PRODUCT_NAME = "$(TARGET_NAME:c99extidentifier)";
				SKIP_INSTALL = YES;
				SUPPORTS_MACCATALYST = NO;
				SWIFT_INCLUDE_PATHS = "${SRCROOT}/mediasoup-client-ios/**";
				SWIFT_VERSION = 5.0;
				TARGETED_DEVICE_FAMILY = "1,2";
				USER_HEADER_SEARCH_PATHS = "";
				VALID_ARCHS = "$(ARCHS_STANDARD_64_BIT)";
			};
			name = Debug;
		};
		35E2E4862385284800E315FD /* Release */ = {
			isa = XCBuildConfiguration;
			buildSettings = {
				ALTERNATE_OWNER = denvirethan;
				CLANG_ALLOW_NON_MODULAR_INCLUDES_IN_FRAMEWORK_MODULES = YES;
				CLANG_CXX_LANGUAGE_STANDARD = "c++14";
				CLANG_CXX_LIBRARY = "libc++";
				CLANG_MODULES_DISABLE_PRIVATE_WARNING = YES;
				CODE_SIGN_STYLE = Automatic;
				DEFINES_MODULE = YES;
				DEVELOPMENT_ASSET_PATHS = "";
				DEVELOPMENT_TEAM = 2G8EYG6ATY;
				DYLIB_COMPATIBILITY_VERSION = 1;
				DYLIB_CURRENT_VERSION = 1;
				DYLIB_INSTALL_NAME_BASE = "@rpath";
				ENABLE_BITCODE = NO;
				FRAMEWORK_SEARCH_PATHS = "$(SRCROOT)/mediasoup-client-ios/dependencies/webrtc/src/out_ios_libs";
				GCC_C_LANGUAGE_STANDARD = gnu11;
				GCC_WARN_INHIBIT_ALL_WARNINGS = YES;
				GCC_WARN_UNINITIALIZED_AUTOS = NO;
				GCC_WARN_UNUSED_VALUE = NO;
				GCC_WARN_UNUSED_VARIABLE = NO;
				HEADER_SEARCH_PATHS = (
					"${SRCROOT}/mediasoup-client-ios/dependencies/libmediasoupclient/include",
					"${SRCROOT}/mediasoup-client-ios/dependencies/webrtc/src",
					"${SRCROOT}/mediasoup-client-ios/dependencies/webrtc/src/third_party/abseil-cpp",
					"${SRCROOT}/mediasoup-client-ios/dependencies",
				);
				INFOPLIST_FILE = "mediasoup-client-ios/Info.plist";
				INSTALL_OWNER = denvirethan;
				INSTALL_PATH = "$(LOCAL_LIBRARY_DIR)/Frameworks";
				IPHONEOS_DEPLOYMENT_TARGET = 9.0;
				LD_RUNPATH_SEARCH_PATHS = (
					"$(inherited)",
					"@executable_path/Frameworks",
					"@loader_path/Frameworks",
				);
				LIBRARY_SEARCH_PATHS = (
					"$(inherited)",
					"$(PROJECT_DIR)/mediasoup-client-ios/dependencies/webrtc/src/out_ios_libs/universal",
					"$(PROJECT_DIR)/mediasoup-client-ios/dependencies/libmediasoupclient/lib",
				);
				ONLY_ACTIVE_ARCH = YES;
				OTHER_LDFLAGS = "$(inherited)";
				PRECOMPS_INCLUDE_HEADERS_FROM_BUILT_PRODUCTS_DIR = NO;
				PRODUCT_BUNDLE_IDENTIFIER = "org.mediasoup.ios.mediasoup-client-ios";
				PRODUCT_NAME = "$(TARGET_NAME:c99extidentifier)";
				SKIP_INSTALL = YES;
				SUPPORTS_MACCATALYST = NO;
				SWIFT_INCLUDE_PATHS = "${SRCROOT}/mediasoup-client-ios/**";
				SWIFT_VERSION = 5.0;
				TARGETED_DEVICE_FAMILY = "1,2";
				USER_HEADER_SEARCH_PATHS = "";
				VALID_ARCHS = "$(ARCHS_STANDARD_64_BIT)";
			};
			name = Release;
		};
/* End XCBuildConfiguration section */

/* Begin XCConfigurationList section */
		35D17224238CF9BE00FAF301 /* Build configuration list for PBXNativeTarget "mediasoup-client-iosTests" */ = {
			isa = XCConfigurationList;
			buildConfigurations = (
				35D17225238CF9BE00FAF301 /* Debug */,
				35D17226238CF9BE00FAF301 /* Release */,
			);
			defaultConfigurationIsVisible = 0;
			defaultConfigurationName = Release;
		};
		35E2E4762385284700E315FD /* Build configuration list for PBXProject "mediasoup-client-ios" */ = {
			isa = XCConfigurationList;
			buildConfigurations = (
				35E2E4822385284800E315FD /* Debug */,
				35E2E4832385284800E315FD /* Release */,
			);
			defaultConfigurationIsVisible = 0;
			defaultConfigurationName = Release;
		};
		35E2E4842385284800E315FD /* Build configuration list for PBXNativeTarget "mediasoup-client-ios" */ = {
			isa = XCConfigurationList;
			buildConfigurations = (
				35E2E4852385284800E315FD /* Debug */,
				35E2E4862385284800E315FD /* Release */,
			);
			defaultConfigurationIsVisible = 0;
			defaultConfigurationName = Release;
		};
/* End XCConfigurationList section */
	};
	rootObject = 35E2E4732385284700E315FD /* Project object */;
}
